
Microsoft Visual Studio Solution File, Format Version 12.00
# Visual Studio Version 17
VisualStudioVersion = 17.0.31808.319
MinimumVisualStudioVersion = 10.0.40219.1
Project("{2150E333-8FDC-42A3-9474-1A3956D46DE8}") = "src", "src", "{605436C1-2560-47BA-99D4-7A80B628230F}"
EndProject
Project("{2150E333-8FDC-42A3-9474-1A3956D46DE8}") = "test", "test", "{DB5A8331-2B57-4F2B-8F7D-02E167BCD8BB}"
EndProject
Project("{2150E333-8FDC-42A3-9474-1A3956D46DE8}") = "samples", "samples", "{32089C32-94DC-4F8F-BC59-952C2BB5EFFC}"
EndProject
Project("{9A19103F-16F7-4668-BE54-9A1E7A4F7556}") = "ABC.HelloWorld", "samples\ABC.HelloWorld\ABC.HelloWorld.csproj", "{6460D3F0-76A3-4989-B2B6-B08858F8BD15}"
EndProject
Project("{9A19103F-16F7-4668-BE54-9A1E7A4F7556}") = "ABC.Gateway.AspNetCore", "src\ABC.AspNetCore.Gateway\ABC.Gateway.AspNetCore.csproj", "{3281E108-1EC8-44F6-A3F7-5F0DCED3B4AF}"
EndProject
Project("{9A19103F-16F7-4668-BE54-9A1E7A4F7556}") = "ABC.AspNetCore.Gateway.UnitTests", "test\ABC.AspNetCore.Gateway.UnitTests\ABC.AspNetCore.Gateway.UnitTests.csproj", "{7E562A6E-2313-4627-8A55-A182EC8BB0EC}"
EndProject
Project("{9A19103F-16F7-4668-BE54-9A1E7A4F7556}") = "ABC.ServiceDiscovery.Abstractions", "src\ABC.ServiceDiscovery.Abstractions\ABC.ServiceDiscovery.Abstractions.csproj", "{708461A4-B68B-4F90-B18E-79371E4F9AF0}"
EndProject
Project("{9A19103F-16F7-4668-BE54-9A1E7A4F7556}") = "ABC.ServiceDiscovery.Client", "src\ABC.ServiceDiscovery.Client\ABC.ServiceDiscovery.Client.csproj", "{FD16C588-D0C9-4E62-BE1A-6BE46BD5B287}"
EndProject
Project("{9A19103F-16F7-4668-BE54-9A1E7A4F7556}") = "ABC.ServiceDiscovery.K8S", "src\ABC.ServiceDiscovery.K8S\ABC.ServiceDiscovery.K8S.csproj", "{307383B8-6ED1-4CD4-9020-E0CC64515676}"
EndProject
Project("{9A19103F-16F7-4668-BE54-9A1E7A4F7556}") = "ABC.ServiceDiscovery", "src\ABC.ServiceDiscovery\ABC.ServiceDiscovery.csproj", "{DDA58EA8-8C69-450E-BDF5-8C187D442AA6}"
EndProject
Project("{9A19103F-16F7-4668-BE54-9A1E7A4F7556}") = "ABC.ServiceDiscovery.Service", "src\ABC.ServiceDiscovery.Service\ABC.ServiceDiscovery.Service.csproj", "{1D61ADBB-75DA-4A83-B3D2-967CF5DAC36D}"
EndProject
Project("{9A19103F-16F7-4668-BE54-9A1E7A4F7556}") = "ABC.Attributes", "src\ABC.Attributes\ABC.Attributes.csproj", "{9F29331B-5EE5-4352-995E-21194818AC4D}"
EndProject
Project("{9A19103F-16F7-4668-BE54-9A1E7A4F7556}") = "ABC.Extensions.EventBus.Abstractions", "src\ABC.Extensions.EventBus.Abstractions\ABC.Extensions.EventBus.Abstractions.csproj", "{E8B6FE17-010F-465E-8E9A-1AF725EE1E01}"
EndProject
Project("{9A19103F-16F7-4668-BE54-9A1E7A4F7556}") = "ABC.Extensions.EventBus.DotNetCoreCAP", "src\ABC.Extensions.EventBus.DotNetCoreCAP\ABC.Extensions.EventBus.DotNetCoreCAP.csproj", "{716DDA88-491A-4F19-95DD-3E8C9D390289}"
EndProject
Project("{9A19103F-16F7-4668-BE54-9A1E7A4F7556}") = "ABC.Extensions.EventBus.MassTransit", "src\ABC.Extensions.EventBus.MassTransit\ABC.Extensions.EventBus.MassTransit.csproj", "{012E4FCE-6772-4A15-985D-4054B89C064C}"
EndProject
Project("{9A19103F-16F7-4668-BE54-9A1E7A4F7556}") = "ABC.Gateway", "samples\ABC.Gateway\ABC.Gateway.csproj", "{C3FD4975-F6F2-4F4A-B7F0-18D024759E16}"
EndProject
Project("{9A19103F-16F7-4668-BE54-9A1E7A4F7556}") = "ABC.Extensions.Primitives", "src\ABC.Extensions.Primitives\ABC.Extensions.Primitives.csproj", "{B0FB758C-8A66-4DB8-9759-08905289D828}"
EndProject
Project("{9A19103F-16F7-4668-BE54-9A1E7A4F7556}") = "ABC.Extensions.Repository.Abstractions", "src\ABC.Extensions.Repository.Abstractions\ABC.Extensions.Repository.Abstractions.csproj", "{2D4DCB54-4E8A-4788-9444-2B986E686530}"
EndProject
Project("{9A19103F-16F7-4668-BE54-9A1E7A4F7556}") = "ABC.Extensions.Domain.Abstractions", "src\ABC.Extensions.Domain.Abstractions\ABC.Extensions.Domain.Abstractions.csproj", "{0CCFB786-9B21-45B6-8396-D568B85CC396}"
EndProject
Project("{9A19103F-16F7-4668-BE54-9A1E7A4F7556}") = "ABC.Extensions.Repository.EntityframeworkCore", "src\ABC.Extensions.Repository.EntityframeworkCore\ABC.Extensions.Repository.EntityframeworkCore.csproj", "{21CB3E82-1122-4548-A008-7AF51C824526}"
EndProject
Project("{2150E333-8FDC-42A3-9474-1A3956D46DE8}") = "Domain", "Domain", "{EC28FBCE-00AD-49CA-A766-B39C40856820}"
EndProject
Project("{2150E333-8FDC-42A3-9474-1A3956D46DE8}") = "ServiceDiscovery", "ServiceDiscovery", "{E489AB62-2255-406A-B44D-E57E746074FC}"
EndProject
Project("{2150E333-8FDC-42A3-9474-1A3956D46DE8}") = "EventBus", "EventBus", "{C5D5CB75-27A8-477A-87D7-A69ED0C5E093}"
EndProject
Project("{2150E333-8FDC-42A3-9474-1A3956D46DE8}") = "Solution Items", "Solution Items", "{BBFF851A-A70C-4DC5-9786-D211FE6633CC}"
	ProjectSection(SolutionItems) = preProject
		.github\workflows\dotnet.yml = .github\workflows\dotnet.yml
		NuGet.config = NuGet.config
	EndProjectSection
EndProject
Global
	GlobalSection(SolutionConfigurationPlatforms) = preSolution
		Debug|Any CPU = Debug|Any CPU
		Release|Any CPU = Release|Any CPU
	EndGlobalSection
	GlobalSection(ProjectConfigurationPlatforms) = postSolution
		{6460D3F0-76A3-4989-B2B6-B08858F8BD15}.Debug|Any CPU.ActiveCfg = Debug|Any CPU
		{6460D3F0-76A3-4989-B2B6-B08858F8BD15}.Debug|Any CPU.Build.0 = Debug|Any CPU
		{6460D3F0-76A3-4989-B2B6-B08858F8BD15}.Release|Any CPU.ActiveCfg = Release|Any CPU
		{6460D3F0-76A3-4989-B2B6-B08858F8BD15}.Release|Any CPU.Build.0 = Release|Any CPU
		{3281E108-1EC8-44F6-A3F7-5F0DCED3B4AF}.Debug|Any CPU.ActiveCfg = Debug|Any CPU
		{3281E108-1EC8-44F6-A3F7-5F0DCED3B4AF}.Debug|Any CPU.Build.0 = Debug|Any CPU
		{3281E108-1EC8-44F6-A3F7-5F0DCED3B4AF}.Release|Any CPU.ActiveCfg = Release|Any CPU
		{3281E108-1EC8-44F6-A3F7-5F0DCED3B4AF}.Release|Any CPU.Build.0 = Release|Any CPU
		{7E562A6E-2313-4627-8A55-A182EC8BB0EC}.Debug|Any CPU.ActiveCfg = Debug|Any CPU
		{7E562A6E-2313-4627-8A55-A182EC8BB0EC}.Debug|Any CPU.Build.0 = Debug|Any CPU
		{7E562A6E-2313-4627-8A55-A182EC8BB0EC}.Release|Any CPU.ActiveCfg = Release|Any CPU
		{7E562A6E-2313-4627-8A55-A182EC8BB0EC}.Release|Any CPU.Build.0 = Release|Any CPU
		{708461A4-B68B-4F90-B18E-79371E4F9AF0}.Debug|Any CPU.ActiveCfg = Debug|Any CPU
		{708461A4-B68B-4F90-B18E-79371E4F9AF0}.Debug|Any CPU.Build.0 = Debug|Any CPU
		{708461A4-B68B-4F90-B18E-79371E4F9AF0}.Release|Any CPU.ActiveCfg = Release|Any CPU
		{708461A4-B68B-4F90-B18E-79371E4F9AF0}.Release|Any CPU.Build.0 = Release|Any CPU
		{FD16C588-D0C9-4E62-BE1A-6BE46BD5B287}.Debug|Any CPU.ActiveCfg = Debug|Any CPU
		{FD16C588-D0C9-4E62-BE1A-6BE46BD5B287}.Debug|Any CPU.Build.0 = Debug|Any CPU
		{FD16C588-D0C9-4E62-BE1A-6BE46BD5B287}.Release|Any CPU.ActiveCfg = Release|Any CPU
		{FD16C588-D0C9-4E62-BE1A-6BE46BD5B287}.Release|Any CPU.Build.0 = Release|Any CPU
		{307383B8-6ED1-4CD4-9020-E0CC64515676}.Debug|Any CPU.ActiveCfg = Debug|Any CPU
		{307383B8-6ED1-4CD4-9020-E0CC64515676}.Debug|Any CPU.Build.0 = Debug|Any CPU
		{307383B8-6ED1-4CD4-9020-E0CC64515676}.Release|Any CPU.ActiveCfg = Release|Any CPU
		{307383B8-6ED1-4CD4-9020-E0CC64515676}.Release|Any CPU.Build.0 = Release|Any CPU
		{DDA58EA8-8C69-450E-BDF5-8C187D442AA6}.Debug|Any CPU.ActiveCfg = Debug|Any CPU
		{DDA58EA8-8C69-450E-BDF5-8C187D442AA6}.Debug|Any CPU.Build.0 = Debug|Any CPU
		{DDA58EA8-8C69-450E-BDF5-8C187D442AA6}.Release|Any CPU.ActiveCfg = Release|Any CPU
		{DDA58EA8-8C69-450E-BDF5-8C187D442AA6}.Release|Any CPU.Build.0 = Release|Any CPU
		{1D61ADBB-75DA-4A83-B3D2-967CF5DAC36D}.Debug|Any CPU.ActiveCfg = Debug|Any CPU
		{1D61ADBB-75DA-4A83-B3D2-967CF5DAC36D}.Debug|Any CPU.Build.0 = Debug|Any CPU
		{1D61ADBB-75DA-4A83-B3D2-967CF5DAC36D}.Release|Any CPU.ActiveCfg = Release|Any CPU
		{1D61ADBB-75DA-4A83-B3D2-967CF5DAC36D}.Release|Any CPU.Build.0 = Release|Any CPU
		{9F29331B-5EE5-4352-995E-21194818AC4D}.Debug|Any CPU.ActiveCfg = Debug|Any CPU
		{9F29331B-5EE5-4352-995E-21194818AC4D}.Debug|Any CPU.Build.0 = Debug|Any CPU
		{9F29331B-5EE5-4352-995E-21194818AC4D}.Release|Any CPU.ActiveCfg = Release|Any CPU
		{9F29331B-5EE5-4352-995E-21194818AC4D}.Release|Any CPU.Build.0 = Release|Any CPU
		{E8B6FE17-010F-465E-8E9A-1AF725EE1E01}.Debug|Any CPU.ActiveCfg = Debug|Any CPU
		{E8B6FE17-010F-465E-8E9A-1AF725EE1E01}.Debug|Any CPU.Build.0 = Debug|Any CPU
		{E8B6FE17-010F-465E-8E9A-1AF725EE1E01}.Release|Any CPU.ActiveCfg = Release|Any CPU
		{E8B6FE17-010F-465E-8E9A-1AF725EE1E01}.Release|Any CPU.Build.0 = Release|Any CPU
		{716DDA88-491A-4F19-95DD-3E8C9D390289}.Debug|Any CPU.ActiveCfg = Debug|Any CPU
		{716DDA88-491A-4F19-95DD-3E8C9D390289}.Debug|Any CPU.Build.0 = Debug|Any CPU
		{716DDA88-491A-4F19-95DD-3E8C9D390289}.Release|Any CPU.ActiveCfg = Release|Any CPU
		{716DDA88-491A-4F19-95DD-3E8C9D390289}.Release|Any CPU.Build.0 = Release|Any CPU
		{012E4FCE-6772-4A15-985D-4054B89C064C}.Debug|Any CPU.ActiveCfg = Debug|Any CPU
		{012E4FCE-6772-4A15-985D-4054B89C064C}.Debug|Any CPU.Build.0 = Debug|Any CPU
		{012E4FCE-6772-4A15-985D-4054B89C064C}.Release|Any CPU.ActiveCfg = Release|Any CPU
		{012E4FCE-6772-4A15-985D-4054B89C064C}.Release|Any CPU.Build.0 = Release|Any CPU
		{C3FD4975-F6F2-4F4A-B7F0-18D024759E16}.Debug|Any CPU.ActiveCfg = Debug|Any CPU
		{C3FD4975-F6F2-4F4A-B7F0-18D024759E16}.Debug|Any CPU.Build.0 = Debug|Any CPU
		{C3FD4975-F6F2-4F4A-B7F0-18D024759E16}.Release|Any CPU.ActiveCfg = Release|Any CPU
		{C3FD4975-F6F2-4F4A-B7F0-18D024759E16}.Release|Any CPU.Build.0 = Release|Any CPU
		{B0FB758C-8A66-4DB8-9759-08905289D828}.Debug|Any CPU.ActiveCfg = Debug|Any CPU
		{B0FB758C-8A66-4DB8-9759-08905289D828}.Debug|Any CPU.Build.0 = Debug|Any CPU
		{B0FB758C-8A66-4DB8-9759-08905289D828}.Release|Any CPU.ActiveCfg = Release|Any CPU
		{B0FB758C-8A66-4DB8-9759-08905289D828}.Release|Any CPU.Build.0 = Release|Any CPU
		{2D4DCB54-4E8A-4788-9444-2B986E686530}.Debug|Any CPU.ActiveCfg = Debug|Any CPU
		{2D4DCB54-4E8A-4788-9444-2B986E686530}.Debug|Any CPU.Build.0 = Debug|Any CPU
		{2D4DCB54-4E8A-4788-9444-2B986E686530}.Release|Any CPU.ActiveCfg = Release|Any CPU
		{2D4DCB54-4E8A-4788-9444-2B986E686530}.Release|Any CPU.Build.0 = Release|Any CPU
		{0CCFB786-9B21-45B6-8396-D568B85CC396}.Debug|Any CPU.ActiveCfg = Debug|Any CPU
		{0CCFB786-9B21-45B6-8396-D568B85CC396}.Debug|Any CPU.Build.0 = Debug|Any CPU
		{0CCFB786-9B21-45B6-8396-D568B85CC396}.Release|Any CPU.ActiveCfg = Release|Any CPU
		{0CCFB786-9B21-45B6-8396-D568B85CC396}.Release|Any CPU.Build.0 = Release|Any CPU
		{21CB3E82-1122-4548-A008-7AF51C824526}.Debug|Any CPU.ActiveCfg = Debug|Any CPU
		{21CB3E82-1122-4548-A008-7AF51C824526}.Debug|Any CPU.Build.0 = Debug|Any CPU
		{21CB3E82-1122-4548-A008-7AF51C824526}.Release|Any CPU.ActiveCfg = Release|Any CPU
		{21CB3E82-1122-4548-A008-7AF51C824526}.Release|Any CPU.Build.0 = Release|Any CPU
	EndGlobalSection
	GlobalSection(SolutionProperties) = preSolution
		HideSolutionNode = FALSE
	EndGlobalSection
	GlobalSection(NestedProjects) = preSolution
		{6460D3F0-76A3-4989-B2B6-B08858F8BD15} = {32089C32-94DC-4F8F-BC59-952C2BB5EFFC}
		{3281E108-1EC8-44F6-A3F7-5F0DCED3B4AF} = {605436C1-2560-47BA-99D4-7A80B628230F}
		{7E562A6E-2313-4627-8A55-A182EC8BB0EC} = {DB5A8331-2B57-4F2B-8F7D-02E167BCD8BB}
		{708461A4-B68B-4F90-B18E-79371E4F9AF0} = {E489AB62-2255-406A-B44D-E57E746074FC}
		{FD16C588-D0C9-4E62-BE1A-6BE46BD5B287} = {E489AB62-2255-406A-B44D-E57E746074FC}
		{307383B8-6ED1-4CD4-9020-E0CC64515676} = {E489AB62-2255-406A-B44D-E57E746074FC}
		{DDA58EA8-8C69-450E-BDF5-8C187D442AA6} = {E489AB62-2255-406A-B44D-E57E746074FC}
		{1D61ADBB-75DA-4A83-B3D2-967CF5DAC36D} = {E489AB62-2255-406A-B44D-E57E746074FC}
		{9F29331B-5EE5-4352-995E-21194818AC4D} = {605436C1-2560-47BA-99D4-7A80B628230F}
		{E8B6FE17-010F-465E-8E9A-1AF725EE1E01} = {C5D5CB75-27A8-477A-87D7-A69ED0C5E093}
		{716DDA88-491A-4F19-95DD-3E8C9D390289} = {C5D5CB75-27A8-477A-87D7-A69ED0C5E093}
		{012E4FCE-6772-4A15-985D-4054B89C064C} = {C5D5CB75-27A8-477A-87D7-A69ED0C5E093}
		{C3FD4975-F6F2-4F4A-B7F0-18D024759E16} = {32089C32-94DC-4F8F-BC59-952C2BB5EFFC}
		{B0FB758C-8A66-4DB8-9759-08905289D828} = {605436C1-2560-47BA-99D4-7A80B628230F}
		{2D4DCB54-4E8A-4788-9444-2B986E686530} = {EC28FBCE-00AD-49CA-A766-B39C40856820}
		{0CCFB786-9B21-45B6-8396-D568B85CC396} = {EC28FBCE-00AD-49CA-A766-B39C40856820}
		{21CB3E82-1122-4548-A008-7AF51C824526} = {EC28FBCE-00AD-49CA-A766-B39C40856820}
		{EC28FBCE-00AD-49CA-A766-B39C40856820} = {605436C1-2560-47BA-99D4-7A80B628230F}
		{E489AB62-2255-406A-B44D-E57E746074FC} = {605436C1-2560-47BA-99D4-7A80B628230F}
		{C5D5CB75-27A8-477A-87D7-A69ED0C5E093} = {605436C1-2560-47BA-99D4-7A80B628230F}
	EndGlobalSection
	GlobalSection(ExtensibilityGlobals) = postSolution
		SolutionGuid = {D46201E5-1E3C-47A0-8584-4ACCC135CF9A}
	EndGlobalSection
EndGlobal
