
Microsoft Visual Studio Solution File, Format Version 12.00
# Visual Studio Version 17
VisualStudioVersion = 17.0.31808.319
MinimumVisualStudioVersion = 10.0.40219.1
Project("{2150E333-8FDC-42A3-9474-1A3956D46DE8}") = "src", "src", "{605436C1-2560-47BA-99D4-7A80B628230F}"
EndProject
Project("{2150E333-8FDC-42A3-9474-1A3956D46DE8}") = "test", "test", "{DB5A8331-2B57-4F2B-8F7D-02E167BCD8BB}"
EndProject
Project("{2150E333-8FDC-42A3-9474-1A3956D46DE8}") = "samples", "samples", "{32089C32-94DC-4F8F-BC59-952C2BB5EFFC}"
EndProject
Project("{9A19103F-16F7-4668-BE54-9A1E7A4F7556}") = "ABC.HelloWorld", "samples\ABC.HelloWorld\ABC.HelloWorld.csproj", "{6460D3F0-76A3-4989-B2B6-B08858F8BD15}"
EndProject
Project("{9A19103F-16F7-4668-BE54-9A1E7A4F7556}") = "ABC.AspNetCore.Gateway", "src\ABC.AspNetCore.Gateway\ABC.AspNetCore.Gateway.csproj", "{3281E108-1EC8-44F6-A3F7-5F0DCED3B4AF}"
EndProject
Project("{9A19103F-16F7-4668-BE54-9A1E7A4F7556}") = "ABC.AspNetCore.Gateway.UnitTests", "test\ABC.AspNetCore.Gateway.UnitTests\ABC.AspNetCore.Gateway.UnitTests.csproj", "{7E562A6E-2313-4627-8A55-A182EC8BB0EC}"
EndProject
Project("{9A19103F-16F7-4668-BE54-9A1E7A4F7556}") = "ABC.ServiceDiscovery.Abstractions", "src\ABC.ServiceDiscovery.Abstractions\ABC.ServiceDiscovery.Abstractions.csproj", "{708461A4-B68B-4F90-B18E-79371E4F9AF0}"
EndProject
Project("{9A19103F-16F7-4668-BE54-9A1E7A4F7556}") = "ABC.ServiceDiscovery.Client", "src\ABC.ServiceDiscovery.Client\ABC.ServiceDiscovery.Client.csproj", "{FD16C588-D0C9-4E62-BE1A-6BE46BD5B287}"
EndProject
Project("{9A19103F-16F7-4668-BE54-9A1E7A4F7556}") = "ABC.ServiceDiscovery.K8S", "src\ABC.ServiceDiscovery.K8S\ABC.ServiceDiscovery.K8S.csproj", "{307383B8-6ED1-4CD4-9020-E0CC64515676}"
EndProject
Project("{9A19103F-16F7-4668-BE54-9A1E7A4F7556}") = "ABC.ServiceDiscovery", "src\ABC.ServiceDiscovery\ABC.ServiceDiscovery.csproj", "{DDA58EA8-8C69-450E-BDF5-8C187D442AA6}"
EndProject
Project("{9A19103F-16F7-4668-BE54-9A1E7A4F7556}") = "ABC.ServiceDiscovery.Service", "src\ABC.ServiceDiscovery.Service\ABC.ServiceDiscovery.Service.csproj", "{1D61ADBB-75DA-4A83-B3D2-967CF5DAC36D}"
EndProject
Project("{9A19103F-16F7-4668-BE54-9A1E7A4F7556}") = "ABC.Attributes", "src\ABC.Attributes\ABC.Attributes.csproj", "{9F29331B-5EE5-4352-995E-21194818AC4D}"
EndProject
Global
	GlobalSection(SolutionConfigurationPlatforms) = preSolution
		Debug|Any CPU = Debug|Any CPU
		Release|Any CPU = Release|Any CPU
	EndGlobalSection
	GlobalSection(ProjectConfigurationPlatforms) = postSolution
		{6460D3F0-76A3-4989-B2B6-B08858F8BD15}.Debug|Any CPU.ActiveCfg = Debug|Any CPU
		{6460D3F0-76A3-4989-B2B6-B08858F8BD15}.Debug|Any CPU.Build.0 = Debug|Any CPU
		{6460D3F0-76A3-4989-B2B6-B08858F8BD15}.Release|Any CPU.ActiveCfg = Release|Any CPU
		{6460D3F0-76A3-4989-B2B6-B08858F8BD15}.Release|Any CPU.Build.0 = Release|Any CPU
		{3281E108-1EC8-44F6-A3F7-5F0DCED3B4AF}.Debug|Any CPU.ActiveCfg = Debug|Any CPU
		{3281E108-1EC8-44F6-A3F7-5F0DCED3B4AF}.Debug|Any CPU.Build.0 = Debug|Any CPU
		{3281E108-1EC8-44F6-A3F7-5F0DCED3B4AF}.Release|Any CPU.ActiveCfg = Release|Any CPU
		{3281E108-1EC8-44F6-A3F7-5F0DCED3B4AF}.Release|Any CPU.Build.0 = Release|Any CPU
		{7E562A6E-2313-4627-8A55-A182EC8BB0EC}.Debug|Any CPU.ActiveCfg = Debug|Any CPU
		{7E562A6E-2313-4627-8A55-A182EC8BB0EC}.Debug|Any CPU.Build.0 = Debug|Any CPU
		{7E562A6E-2313-4627-8A55-A182EC8BB0EC}.Release|Any CPU.ActiveCfg = Release|Any CPU
		{7E562A6E-2313-4627-8A55-A182EC8BB0EC}.Release|Any CPU.Build.0 = Release|Any CPU
		{708461A4-B68B-4F90-B18E-79371E4F9AF0}.Debug|Any CPU.ActiveCfg = Debug|Any CPU
		{708461A4-B68B-4F90-B18E-79371E4F9AF0}.Debug|Any CPU.Build.0 = Debug|Any CPU
		{708461A4-B68B-4F90-B18E-79371E4F9AF0}.Release|Any CPU.ActiveCfg = Release|Any CPU
		{708461A4-B68B-4F90-B18E-79371E4F9AF0}.Release|Any CPU.Build.0 = Release|Any CPU
		{FD16C588-D0C9-4E62-BE1A-6BE46BD5B287}.Debug|Any CPU.ActiveCfg = Debug|Any CPU
		{FD16C588-D0C9-4E62-BE1A-6BE46BD5B287}.Debug|Any CPU.Build.0 = Debug|Any CPU
		{FD16C588-D0C9-4E62-BE1A-6BE46BD5B287}.Release|Any CPU.ActiveCfg = Release|Any CPU
		{FD16C588-D0C9-4E62-BE1A-6BE46BD5B287}.Release|Any CPU.Build.0 = Release|Any CPU
		{307383B8-6ED1-4CD4-9020-E0CC64515676}.Debug|Any CPU.ActiveCfg = Debug|Any CPU
		{307383B8-6ED1-4CD4-9020-E0CC64515676}.Debug|Any CPU.Build.0 = Debug|Any CPU
		{307383B8-6ED1-4CD4-9020-E0CC64515676}.Release|Any CPU.ActiveCfg = Release|Any CPU
		{307383B8-6ED1-4CD4-9020-E0CC64515676}.Release|Any CPU.Build.0 = Release|Any CPU
		{DDA58EA8-8C69-450E-BDF5-8C187D442AA6}.Debug|Any CPU.ActiveCfg = Debug|Any CPU
		{DDA58EA8-8C69-450E-BDF5-8C187D442AA6}.Debug|Any CPU.Build.0 = Debug|Any CPU
		{DDA58EA8-8C69-450E-BDF5-8C187D442AA6}.Release|Any CPU.ActiveCfg = Release|Any CPU
		{DDA58EA8-8C69-450E-BDF5-8C187D442AA6}.Release|Any CPU.Build.0 = Release|Any CPU
		{1D61ADBB-75DA-4A83-B3D2-967CF5DAC36D}.Debug|Any CPU.ActiveCfg = Debug|Any CPU
		{1D61ADBB-75DA-4A83-B3D2-967CF5DAC36D}.Debug|Any CPU.Build.0 = Debug|Any CPU
		{1D61ADBB-75DA-4A83-B3D2-967CF5DAC36D}.Release|Any CPU.ActiveCfg = Release|Any CPU
		{1D61ADBB-75DA-4A83-B3D2-967CF5DAC36D}.Release|Any CPU.Build.0 = Release|Any CPU
		{9F29331B-5EE5-4352-995E-21194818AC4D}.Debug|Any CPU.ActiveCfg = Debug|Any CPU
		{9F29331B-5EE5-4352-995E-21194818AC4D}.Debug|Any CPU.Build.0 = Debug|Any CPU
		{9F29331B-5EE5-4352-995E-21194818AC4D}.Release|Any CPU.ActiveCfg = Release|Any CPU
		{9F29331B-5EE5-4352-995E-21194818AC4D}.Release|Any CPU.Build.0 = Release|Any CPU
	EndGlobalSection
	GlobalSection(SolutionProperties) = preSolution
		HideSolutionNode = FALSE
	EndGlobalSection
	GlobalSection(NestedProjects) = preSolution
		{6460D3F0-76A3-4989-B2B6-B08858F8BD15} = {32089C32-94DC-4F8F-BC59-952C2BB5EFFC}
		{3281E108-1EC8-44F6-A3F7-5F0DCED3B4AF} = {605436C1-2560-47BA-99D4-7A80B628230F}
		{7E562A6E-2313-4627-8A55-A182EC8BB0EC} = {DB5A8331-2B57-4F2B-8F7D-02E167BCD8BB}
		{708461A4-B68B-4F90-B18E-79371E4F9AF0} = {605436C1-2560-47BA-99D4-7A80B628230F}
		{FD16C588-D0C9-4E62-BE1A-6BE46BD5B287} = {605436C1-2560-47BA-99D4-7A80B628230F}
		{307383B8-6ED1-4CD4-9020-E0CC64515676} = {605436C1-2560-47BA-99D4-7A80B628230F}
		{DDA58EA8-8C69-450E-BDF5-8C187D442AA6} = {605436C1-2560-47BA-99D4-7A80B628230F}
		{1D61ADBB-75DA-4A83-B3D2-967CF5DAC36D} = {605436C1-2560-47BA-99D4-7A80B628230F}
		{9F29331B-5EE5-4352-995E-21194818AC4D} = {605436C1-2560-47BA-99D4-7A80B628230F}
	EndGlobalSection
	GlobalSection(ExtensibilityGlobals) = postSolution
		SolutionGuid = {D46201E5-1E3C-47A0-8584-4ACCC135CF9A}
	EndGlobalSection
EndGlobal
