Microsoft Visual Studio Solution File, Format Version 12.00
# Visual Studio Version 17
VisualStudioVersion = 17.5.2.0
MinimumVisualStudioVersion = 10.0.40219.1
Project("{2150E333-8FDC-42A3-9474-1A3956D46DE8}") = "test", "test", "{0C88DD14-F956-CE84-757C-A364CCF449FC}"
EndProject
Project("{2150E333-8FDC-42A3-9474-1A3956D46DE8}") = "src", "src", "{827E0CD3-B72D-47B6-A68D-7590B98EB39B}"
EndProject
Project("{FAE04EC0-301F-11D3-BF4B-00C04F79EFBC}") = "NetCorePal.Extensions.Repository.EntityFrameworkCore.Identity.UnitTests", "test\NetCorePal.Extensions.Repository.EntityFrameworkCore.Identity.UnitTests\NetCorePal.Extensions.Repository.EntityFrameworkCore.Identity.UnitTests.csproj", "{4C7E225E-EC8B-968C-D5AE-E0B0DF1D455A}"
EndProject
Project("{FAE04EC0-301F-11D3-BF4B-00C04F79EFBC}") = "NetCorePal.Extensions.DistributedTransactions.UnitTests", "test\NetCorePal.Extensions.DistributedTransactions.UnitTests\NetCorePal.Extensions.DistributedTransactions.UnitTests.csproj", "{2BC9C64C-5292-FC37-8C9C-D4E8C57D61B6}"
EndProject
Project("{FAE04EC0-301F-11D3-BF4B-00C04F79EFBC}") = "NetCorePal.Extensions.Domain.Abstractions.UnitTests", "test\NetCorePal.Extensions.Domain.Abstractions.UnitTests\NetCorePal.Extensions.Domain.Abstractions.UnitTests.csproj", "{58883663-DD42-A747-3F8C-16C5A8A160E1}"
EndProject
Project("{FAE04EC0-301F-11D3-BF4B-00C04F79EFBC}") = "NetCorePal.Extensions.Repository.EntityFrameworkCore.UnitTests", "test\NetCorePal.Extensions.Repository.EntityFrameworkCore.UnitTests\NetCorePal.Extensions.Repository.EntityFrameworkCore.UnitTests.csproj", "{CE5B1C9E-8E56-6B70-24F5-7321FAC17AB5}"
EndProject
Project("{FAE04EC0-301F-11D3-BF4B-00C04F79EFBC}") = "NetCorePal.Extensions.Jwt.UnitTests", "test\NetCorePal.Extensions.Jwt.UnitTests\NetCorePal.Extensions.Jwt.UnitTests.csproj", "{7F382BCC-3E6D-5880-B535-114101882AE1}"
EndProject
Project("{FAE04EC0-301F-11D3-BF4B-00C04F79EFBC}") = "NetCorePal.Extensions.MicrosoftServiceDiscovery.UnitTests", "test\NetCorePal.Extensions.MicrosoftServiceDiscovery.UnitTests\NetCorePal.Extensions.MicrosoftServiceDiscovery.UnitTests.csproj", "{E11F11DE-1BB2-AF7A-4C10-C6FBE884EA52}"
EndProject
Project("{FAE04EC0-301F-11D3-BF4B-00C04F79EFBC}") = "NetCorePal.Extensions.DistributedTransactions.UnitTests.Assembly1", "test\NetCorePal.Extensions.DistributedTransactions.UnitTests.Assembly1\NetCorePal.Extensions.DistributedTransactions.UnitTests.Assembly1.csproj", "{E20E7732-068F-93A7-BAC7-6B7C1D71C13E}"
EndProject
Project("{FAE04EC0-301F-11D3-BF4B-00C04F79EFBC}") = "NetCorePal.Extensions.Jwt.StackExchangeRedis.UnitTests", "test\NetCorePal.Extensions.Jwt.StackExchangeRedis.UnitTests\NetCorePal.Extensions.Jwt.StackExchangeRedis.UnitTests.csproj", "{938BE215-9C9B-12DA-6135-C44AB14895BC}"
EndProject
Project("{FAE04EC0-301F-11D3-BF4B-00C04F79EFBC}") = "NetCorePal.Context.AspNetCore.UnitTests", "test\NetCorePal.Context.AspNetCore.UnitTests\NetCorePal.Context.AspNetCore.UnitTests.csproj", "{F3D3EF99-85DB-BDFF-E7DA-DE8B5EB3EE01}"
EndProject
Project("{FAE04EC0-301F-11D3-BF4B-00C04F79EFBC}") = "NetCorePal.Web", "test\NetCorePal.Web\NetCorePal.Web.csproj", "{660E3327-C152-3FB2-AB02-7F8602D309EC}"
EndProject
Project("{FAE04EC0-301F-11D3-BF4B-00C04F79EFBC}") = "NetCorePal.ConsoleApp", "test\ConsoleApp\NetCorePal.ConsoleApp.csproj", "{F850942A-8E4B-671B-2D88-6C8D10FF8FE3}"
EndProject
Project("{FAE04EC0-301F-11D3-BF4B-00C04F79EFBC}") = "NetCorePal.Extensions.Repository.EntityFrameworkCore.PostgreSql.Tests", "test\NetCorePal.Extensions.Repository.EntityFrameworkCore.PostgreSql.Tests\NetCorePal.Extensions.Repository.EntityFrameworkCore.PostgreSql.Tests.csproj", "{BA1F85DC-A83D-C031-3B1B-3204A3C7B566}"
EndProject
Project("{FAE04EC0-301F-11D3-BF4B-00C04F79EFBC}") = "NetCorePal.Extensions.DistributedTransactions.CAP.UnitTests", "test\NetCorePal.Extensions.DistributedTransactions.CAP.UnitTests\NetCorePal.Extensions.DistributedTransactions.CAP.UnitTests.csproj", "{242FA07D-096B-EA50-F05F-22BA48B04613}"
EndProject
Project("{FAE04EC0-301F-11D3-BF4B-00C04F79EFBC}") = "NetCorePal.Extensions.Snowflake.Consul.UnitTests", "test\NetCorePal.Extensions.Snowflake.Consul.UnitTests\NetCorePal.Extensions.Snowflake.Consul.UnitTests.csproj", "{44B2714C-FCD8-CB6B-0DF9-A0E3B521D828}"
EndProject
Project("{FAE04EC0-301F-11D3-BF4B-00C04F79EFBC}") = "NetCorePal.Extensions.ServiceDiscovery.Abstractions.UnitTests", "test\NetCorePal.Extensions.ServiceDiscovery.Abstractions.UnitTests\NetCorePal.Extensions.ServiceDiscovery.Abstractions.UnitTests.csproj", "{5B2107F3-2C28-0142-1E1A-E17782AD84E6}"
EndProject
Project("{FAE04EC0-301F-11D3-BF4B-00C04F79EFBC}") = "NetCorePal.Extensions.Dto.Tests", "test\NetCorePal.Extensions.Dto.Tests\NetCorePal.Extensions.Dto.Tests.csproj", "{08B28A0E-9EB7-846A-FF10-E556A272DF6F}"
EndProject
Project("{FAE04EC0-301F-11D3-BF4B-00C04F79EFBC}") = "NetCorePal.Extensions.ServiceDiscovery.K8s.UnitTests", "test\NetCorePal.Extensions.ServiceDiscovery.K8s.UnitTests\NetCorePal.Extensions.ServiceDiscovery.K8s.UnitTests.csproj", "{3E9A1498-6D63-0682-A8A8-AABA26CB29F8}"
EndProject
Project("{FAE04EC0-301F-11D3-BF4B-00C04F79EFBC}") = "NetCorePal.Extensions.AspNetCore.UnitTests", "test\NetCorePal.Extensions.AspNetCore.UnitTests\NetCorePal.Extensions.AspNetCore.UnitTests.csproj", "{F11E749B-66E2-834A-6ACC-8EDA20413AA6}"
EndProject
Project("{FAE04EC0-301F-11D3-BF4B-00C04F79EFBC}") = "NetCorePal.Extensions.Mappers.UnitTests", "test\NetCorePal.Extensions.Mappers.UnitTests\NetCorePal.Extensions.Mappers.UnitTests.csproj", "{5077BCEB-F5E7-5FAE-DF70-B8E915F5B119}"
EndProject
Project("{FAE04EC0-301F-11D3-BF4B-00C04F79EFBC}") = "NetCorePal.Extensions.DistributedTransactions.UnitTests.Assembly2", "test\NetCorePal.Extensions.DistributedTransactions.UnitTests.Assembly2\NetCorePal.Extensions.DistributedTransactions.UnitTests.Assembly2.csproj", "{33CB85A3-2DCB-C2B5-0139-637C834A4CF5}"
EndProject
Project("{FAE04EC0-301F-11D3-BF4B-00C04F79EFBC}") = "NetCorePal.Extensions.MultiEnv.UnitTests", "test\NetCorePal.Extensions.MultiEnv.UnitTests\NetCorePal.Extensions.MultiEnv.UnitTests.csproj", "{E3329A8E-EFC5-7D6E-D0B6-338EA73F9DDB}"
EndProject
Project("{FAE04EC0-301F-11D3-BF4B-00C04F79EFBC}") = "NetCorePal.Extensions.Snowflake.Redis.UnitTests", "test\NetCorePal.Extensions.Snowflake.Redis.UnitTests\NetCorePal.Extensions.Snowflake.Redis.UnitTests.csproj", "{74CF1D56-67AE-EBEE-0033-81F21BBC965D}"
EndProject
Project("{FAE04EC0-301F-11D3-BF4B-00C04F79EFBC}") = "NetCorePal.Web.UnitTests", "test\NetCorePal.Web.UnitTests\NetCorePal.Web.UnitTests.csproj", "{283963B4-376D-FA50-3C8F-4631C72199A5}"
EndProject
Project("{FAE04EC0-301F-11D3-BF4B-00C04F79EFBC}") = "NetCorePal.Extensions.Primitives.UnitTests", "test\NetCorePal.Extensions.Primitives.UnitTests\NetCorePal.Extensions.Primitives.UnitTests.csproj", "{54CAD3FC-B24D-FD41-1578-EBDF315E2A4A}"
EndProject
Project("{FAE04EC0-301F-11D3-BF4B-00C04F79EFBC}") = "NetCorePal.Extensions.Primitives.Test", "test\NetCorePal.Extensions.Primitives.UnitTests\NetCorePal.Extensions.Primitives.Test.csproj", "{C2434C85-2E60-E8B2-B7BF-580DB7EA167C}"
EndProject
Project("{FAE04EC0-301F-11D3-BF4B-00C04F79EFBC}") = "NetCorePal.Extensions.MultiEnv.CAP.RabbitMQ", "src\MultiEnv.CAP.RabbitMQ\NetCorePal.Extensions.MultiEnv.CAP.RabbitMQ.csproj", "{16420DE7-F641-6141-B3D6-4AB3140277C1}"
EndProject
Project("{FAE04EC0-301F-11D3-BF4B-00C04F79EFBC}") = "NetCorePal.Extensions.DistributedTransactions.CAP.MySql", "src\DistributedTransactions.CAP.MySql\NetCorePal.Extensions.DistributedTransactions.CAP.MySql.csproj", "{7A04C92C-6D6D-CF35-557A-0E23C1492E0E}"
EndProject
Project("{FAE04EC0-301F-11D3-BF4B-00C04F79EFBC}") = "NetCorePal.Extensions.Repository.EntityFrameworkCore.Identity", "src\Repository.EntityFrameworkCore.Identity\NetCorePal.Extensions.Repository.EntityFrameworkCore.Identity.csproj", "{C3C2E6EA-4A9A-8F27-F549-96C8FF0895FA}"
EndProject
Project("{FAE04EC0-301F-11D3-BF4B-00C04F79EFBC}") = "NetCorePal.Extensions.AspNetCore", "src\AspNetCore\NetCorePal.Extensions.AspNetCore.csproj", "{C3633665-E6B1-CF99-B66A-90748411D52C}"
EndProject
Project("{FAE04EC0-301F-11D3-BF4B-00C04F79EFBC}") = "NetCorePal.SkyApm.Diagnostics", "src\NetCorePal.SkyApm.Diagnostics\NetCorePal.SkyApm.Diagnostics.csproj", "{0331964D-0AAB-E204-B61D-48EEE3FA2BCF}"
EndProject
Project("{FAE04EC0-301F-11D3-BF4B-00C04F79EFBC}") = "NetCorePal.Extensions.Repository.EntityFrameworkCore", "src\Repository.EntityFrameworkCore\NetCorePal.Extensions.Repository.EntityFrameworkCore.csproj", "{B37E2374-2661-F9A7-0152-0222F38CC051}"
EndProject
Project("{FAE04EC0-301F-11D3-BF4B-00C04F79EFBC}") = "NetCorePal.Context.AspNetCore", "src\Context.AspNetCore\NetCorePal.Context.AspNetCore.csproj", "{CE28EBED-584E-AAD2-C6DA-86B3B6D818FA}"
EndProject
Project("{FAE04EC0-301F-11D3-BF4B-00C04F79EFBC}") = "NetCorePal.Extensions.Repository.EntityFrameworkCore.SourceGenerators", "src\Repository.EntityFrameworkCore.SourceGenerators\NetCorePal.Extensions.Repository.EntityFrameworkCore.SourceGenerators.csproj", "{400E47A5-FD2A-1E75-EAF6-35350EE9D82C}"
EndProject
Project("{FAE04EC0-301F-11D3-BF4B-00C04F79EFBC}") = "NetCorePal.Context.Abstractions", "src\Context.Abstractions\NetCorePal.Context.Abstractions.csproj", "{ACE8CFC4-91EC-8CD7-B721-68D69915ADB2}"
EndProject
Project("{FAE04EC0-301F-11D3-BF4B-00C04F79EFBC}") = "NetCorePal.Extensions.ServiceDiscovery.K8s", "src\ServiceDiscovery.K8s\NetCorePal.Extensions.ServiceDiscovery.K8s.csproj", "{61610C62-F670-5328-D1A8-D5079965DA10}"
EndProject
Project("{FAE04EC0-301F-11D3-BF4B-00C04F79EFBC}") = "NetCorePal.Extensions.DistributedTransactions.CAP.PostgreSql", "src\DistributedTransactions.CAP.PostgreSql\NetCorePal.Extensions.DistributedTransactions.CAP.PostgreSql.csproj", "{9B8F8728-D08D-9057-4297-7A8AD75AAE42}"
EndProject
Project("{FAE04EC0-301F-11D3-BF4B-00C04F79EFBC}") = "NetCorePal.Context.Shared", "src\Context.Shared\NetCorePal.Context.Shared.csproj", "{FDD8E04C-D30B-B15E-3C49-A3FE2F0A840E}"
EndProject
Project("{FAE04EC0-301F-11D3-BF4B-00C04F79EFBC}") = "NetCorePal.Extensions.DistributedTransactions.CAP.SqlServer", "src\DistributedTransactions.CAP.SqlServer\NetCorePal.Extensions.DistributedTransactions.CAP.SqlServer.csproj", "{2BE4E073-4D7C-9E89-91D5-58978CB8E506}"
EndProject
Project("{FAE04EC0-301F-11D3-BF4B-00C04F79EFBC}") = "NetCorePal.Extensions.DistributedTransactions.Abstractions", "src\DistributedTransactions.Abstractions\NetCorePal.Extensions.DistributedTransactions.Abstractions.csproj", "{14C7DF84-8CE1-EAAF-977F-35AFEFC02552}"
EndProject
Project("{FAE04EC0-301F-11D3-BF4B-00C04F79EFBC}") = "NetCorePal.Extensions.DistributedLocks.Redis", "src\DistributedLocks.Redis\NetCorePal.Extensions.DistributedLocks.Redis.csproj", "{4DFDEBB4-EF24-E3F5-2D8D-9A2AFB6AEDE9}"
EndProject
Project("{FAE04EC0-301F-11D3-BF4B-00C04F79EFBC}") = "NetCorePal.Extensions.NewtonsoftJson", "src\NewtonsoftJson\NetCorePal.Extensions.NewtonsoftJson.csproj", "{D1723FE0-505C-99BC-FDDF-428A87583124}"
EndProject
Project("{FAE04EC0-301F-11D3-BF4B-00C04F79EFBC}") = "NetCorePal.Context.CAP", "src\Context.CAP\NetCorePal.Context.CAP.csproj", "{622D36EA-6827-D7AE-A760-536D1C0E7F89}"
EndProject
Project("{FAE04EC0-301F-11D3-BF4B-00C04F79EFBC}") = "NetCorePal.Extensions.Repository.Abstractions", "src\Repository.Abstractions\NetCorePal.Extensions.Repository.Abstractions.csproj", "{C4FDDC62-538F-B734-3990-CCAE0C9F8E6F}"
EndProject
Project("{FAE04EC0-301F-11D3-BF4B-00C04F79EFBC}") = "NetCorePal.Extensions.Domain.Abstractions", "src\Domain.Abstractions\NetCorePal.Extensions.Domain.Abstractions.csproj", "{ED860C14-48FB-F15E-B05B-004C386B121A}"
EndProject
Project("{FAE04EC0-301F-11D3-BF4B-00C04F79EFBC}") = "NetCorePal.OpenTelemetry.Diagnostics", "src\NetCorePal.OpenTelemetry.Diagnostics\NetCorePal.OpenTelemetry.Diagnostics.csproj", "{7223B4E3-860E-409A-F993-08FB3E4BD556}"
EndProject
Project("{FAE04EC0-301F-11D3-BF4B-00C04F79EFBC}") = "NetCorePal.Extensions.Snowflake", "src\Snowflake\NetCorePal.Extensions.Snowflake.csproj", "{DE33EC13-2DE4-6FDE-9D82-29D4090E078D}"
EndProject
Project("{FAE04EC0-301F-11D3-BF4B-00C04F79EFBC}") = "NetCorePal.Extensions.Repository.EntityFrameworkCore.Snowflake", "src\Repository.EntityFrameworkCore.Snowflake\NetCorePal.Extensions.Repository.EntityFrameworkCore.Snowflake.csproj", "{31B94122-10C4-1E80-D450-2EB2F9FAA303}"
EndProject
Project("{FAE04EC0-301F-11D3-BF4B-00C04F79EFBC}") = "NetCorePal.Extensions.Jwt.StackExchangeRedis", "src\NetCorePal.Extensions.Jwt.StackExchangeRedis\NetCorePal.Extensions.Jwt.StackExchangeRedis.csproj", "{C004D515-4675-8B20-F20F-EAF9BE12CCBB}"
EndProject
Project("{FAE04EC0-301F-11D3-BF4B-00C04F79EFBC}") = "NetCorePal.Extensions.Primitives", "src\Primitives\NetCorePal.Extensions.Primitives.csproj", "{977539DE-D706-5378-41BB-40CD218A5F0A}"
EndProject
Project("{FAE04EC0-301F-11D3-BF4B-00C04F79EFBC}") = "NetCorePal.Attributes", "src\Attributes\NetCorePal.Attributes.csproj", "{D8438C92-4BBA-880D-5914-B14237CB87DD}"
EndProject
Project("{FAE04EC0-301F-11D3-BF4B-00C04F79EFBC}") = "NetCorePal.Extensions.Snowflake.Consul", "src\Snowflake.Consul\NetCorePal.Extensions.Snowflake.Consul.csproj", "{7A2BC724-FFBD-020C-8E48-7859ECB41601}"
EndProject
Project("{FAE04EC0-301F-11D3-BF4B-00C04F79EFBC}") = "NetCorePal.Extensions.MicrosoftServiceDiscovery", "src\NetCorePal.Extensions.MicrosoftServiceDiscovery\NetCorePal.Extensions.MicrosoftServiceDiscovery.csproj", "{88DFA9E7-03E2-27C1-8D97-D26E4F57597A}"
EndProject
Project("{FAE04EC0-301F-11D3-BF4B-00C04F79EFBC}") = "NetCorePal.Extensions.ServiceDiscovery.Abstractions", "src\ServiceDiscovery.Abstractions\NetCorePal.Extensions.ServiceDiscovery.Abstractions.csproj", "{5A3D30F3-C4E9-050A-2CE9-9CE41300BC81}"
EndProject
Project("{FAE04EC0-301F-11D3-BF4B-00C04F79EFBC}") = "NetCorePal.Extensions.Snowflake.Redis", "src\Snowflake.Redis\NetCorePal.Extensions.Snowflake.Redis.csproj", "{4F56CCD4-9BC4-FCD1-BB33-DFBD13D70EC4}"
EndProject
Project("{FAE04EC0-301F-11D3-BF4B-00C04F79EFBC}") = "NetCorePal.Extensions.Hangfire", "src\Hangfire\NetCorePal.Extensions.Hangfire.csproj", "{BC0221A0-E90E-86A1-69DE-C3CAD5BDD634}"
EndProject
Project("{FAE04EC0-301F-11D3-BF4B-00C04F79EFBC}") = "NetCorePal.Extensions.DistributedLocks.Abstractions", "src\DistributedLocks.Abstractions\NetCorePal.Extensions.DistributedLocks.Abstractions.csproj", "{91CE9A16-CD40-F905-328E-7B4FBA19116C}"
EndProject
Project("{FAE04EC0-301F-11D3-BF4B-00C04F79EFBC}") = "NetCorePal.Extensions.MultiEnv", "src\MultiEnv\NetCorePal.Extensions.MultiEnv.csproj", "{8C91FB26-12A6-51E7-DD00-DFCCC676BAD4}"
EndProject
Project("{FAE04EC0-301F-11D3-BF4B-00C04F79EFBC}") = "NetCorePal.Extensions.Jwt", "src\NetCorePal.Extensions.Jwt\NetCorePal.Extensions.Jwt.csproj", "{5B38108B-6F49-BBC6-7FA2-3001DBB047E9}"
EndProject
Project("{FAE04EC0-301F-11D3-BF4B-00C04F79EFBC}") = "NetCorePal.Extensions.Dto", "src\NetCorePal.Extensions.Dto\NetCorePal.Extensions.Dto.csproj", "{56259941-C727-C6F5-E566-AD5EB9CD0587}"
EndProject
Project("{FAE04EC0-301F-11D3-BF4B-00C04F79EFBC}") = "NetCorePal.Extensions.Mappers", "src\Mappers\NetCorePal.Extensions.Mappers.csproj", "{5F07B4DB-12EA-6415-763B-5301565510BF}"
EndProject
Project("{FAE04EC0-301F-11D3-BF4B-00C04F79EFBC}") = "NetCorePal.Extensions.Domain.SourceGenerators", "src\Domain.SourceGenerators\NetCorePal.Extensions.Domain.SourceGenerators.csproj", "{B5E60AC0-9A47-24CC-9D69-BACE30F44857}"
EndProject
Project("{FAE04EC0-301F-11D3-BF4B-00C04F79EFBC}") = "NetCorePal.Extensions.DistributedTransactions.CAP", "src\DistributedTransactions.CAP\NetCorePal.Extensions.DistributedTransactions.CAP.csproj", "{021849FE-692E-2D15-2979-EB8A4E818C7A}"
EndProject
Project("{FAE04EC0-301F-11D3-BF4B-00C04F79EFBC}") = "NetCorePal.Extensions.Snowflake.Etcd", "src\Snowflake.Etcd\NetCorePal.Extensions.Snowflake.Etcd.csproj", "{DF9B1445-A4CD-5FF5-46BA-80CB94642147}"
EndProject
Project("{FAE04EC0-301F-11D3-BF4B-00C04F79EFBC}") = "NetCorePal.Extensions.DistributedTransactions.CAP.SourceGenerators", "src\DistributedTransactions.CAP.SourceGenerators\NetCorePal.Extensions.DistributedTransactions.CAP.SourceGenerators.csproj", "{BB5BD745-8843-BF71-EFFE-2D511D8FF126}"
EndProject
Global
	GlobalSection(SolutionConfigurationPlatforms) = preSolution
		Debug|Any CPU = Debug|Any CPU
		Release|Any CPU = Release|Any CPU
	EndGlobalSection
	GlobalSection(ProjectConfigurationPlatforms) = postSolution
		{4C7E225E-EC8B-968C-D5AE-E0B0DF1D455A}.Debug|Any CPU.ActiveCfg = Debug|Any CPU
		{4C7E225E-EC8B-968C-D5AE-E0B0DF1D455A}.Debug|Any CPU.Build.0 = Debug|Any CPU
		{4C7E225E-EC8B-968C-D5AE-E0B0DF1D455A}.Release|Any CPU.ActiveCfg = Release|Any CPU
		{4C7E225E-EC8B-968C-D5AE-E0B0DF1D455A}.Release|Any CPU.Build.0 = Release|Any CPU
		{2BC9C64C-5292-FC37-8C9C-D4E8C57D61B6}.Debug|Any CPU.ActiveCfg = Debug|Any CPU
		{2BC9C64C-5292-FC37-8C9C-D4E8C57D61B6}.Debug|Any CPU.Build.0 = Debug|Any CPU
		{2BC9C64C-5292-FC37-8C9C-D4E8C57D61B6}.Release|Any CPU.ActiveCfg = Release|Any CPU
		{2BC9C64C-5292-FC37-8C9C-D4E8C57D61B6}.Release|Any CPU.Build.0 = Release|Any CPU
		{58883663-DD42-A747-3F8C-16C5A8A160E1}.Debug|Any CPU.ActiveCfg = Debug|Any CPU
		{58883663-DD42-A747-3F8C-16C5A8A160E1}.Debug|Any CPU.Build.0 = Debug|Any CPU
		{58883663-DD42-A747-3F8C-16C5A8A160E1}.Release|Any CPU.ActiveCfg = Release|Any CPU
		{58883663-DD42-A747-3F8C-16C5A8A160E1}.Release|Any CPU.Build.0 = Release|Any CPU
		{CE5B1C9E-8E56-6B70-24F5-7321FAC17AB5}.Debug|Any CPU.ActiveCfg = Debug|Any CPU
		{CE5B1C9E-8E56-6B70-24F5-7321FAC17AB5}.Debug|Any CPU.Build.0 = Debug|Any CPU
		{CE5B1C9E-8E56-6B70-24F5-7321FAC17AB5}.Release|Any CPU.ActiveCfg = Release|Any CPU
		{CE5B1C9E-8E56-6B70-24F5-7321FAC17AB5}.Release|Any CPU.Build.0 = Release|Any CPU
		{7F382BCC-3E6D-5880-B535-114101882AE1}.Debug|Any CPU.ActiveCfg = Debug|Any CPU
		{7F382BCC-3E6D-5880-B535-114101882AE1}.Debug|Any CPU.Build.0 = Debug|Any CPU
		{7F382BCC-3E6D-5880-B535-114101882AE1}.Release|Any CPU.ActiveCfg = Release|Any CPU
		{7F382BCC-3E6D-5880-B535-114101882AE1}.Release|Any CPU.Build.0 = Release|Any CPU
		{E11F11DE-1BB2-AF7A-4C10-C6FBE884EA52}.Debug|Any CPU.ActiveCfg = Debug|Any CPU
		{E11F11DE-1BB2-AF7A-4C10-C6FBE884EA52}.Debug|Any CPU.Build.0 = Debug|Any CPU
		{E11F11DE-1BB2-AF7A-4C10-C6FBE884EA52}.Release|Any CPU.ActiveCfg = Release|Any CPU
		{E11F11DE-1BB2-AF7A-4C10-C6FBE884EA52}.Release|Any CPU.Build.0 = Release|Any CPU
		{E20E7732-068F-93A7-BAC7-6B7C1D71C13E}.Debug|Any CPU.ActiveCfg = Debug|Any CPU
		{E20E7732-068F-93A7-BAC7-6B7C1D71C13E}.Debug|Any CPU.Build.0 = Debug|Any CPU
		{E20E7732-068F-93A7-BAC7-6B7C1D71C13E}.Release|Any CPU.ActiveCfg = Release|Any CPU
		{E20E7732-068F-93A7-BAC7-6B7C1D71C13E}.Release|Any CPU.Build.0 = Release|Any CPU
		{938BE215-9C9B-12DA-6135-C44AB14895BC}.Debug|Any CPU.ActiveCfg = Debug|Any CPU
		{938BE215-9C9B-12DA-6135-C44AB14895BC}.Debug|Any CPU.Build.0 = Debug|Any CPU
		{938BE215-9C9B-12DA-6135-C44AB14895BC}.Release|Any CPU.ActiveCfg = Release|Any CPU
		{938BE215-9C9B-12DA-6135-C44AB14895BC}.Release|Any CPU.Build.0 = Release|Any CPU
		{F3D3EF99-85DB-BDFF-E7DA-DE8B5EB3EE01}.Debug|Any CPU.ActiveCfg = Debug|Any CPU
		{F3D3EF99-85DB-BDFF-E7DA-DE8B5EB3EE01}.Debug|Any CPU.Build.0 = Debug|Any CPU
		{F3D3EF99-85DB-BDFF-E7DA-DE8B5EB3EE01}.Release|Any CPU.ActiveCfg = Release|Any CPU
		{F3D3EF99-85DB-BDFF-E7DA-DE8B5EB3EE01}.Release|Any CPU.Build.0 = Release|Any CPU
		{660E3327-C152-3FB2-AB02-7F8602D309EC}.Debug|Any CPU.ActiveCfg = Debug|Any CPU
		{660E3327-C152-3FB2-AB02-7F8602D309EC}.Debug|Any CPU.Build.0 = Debug|Any CPU
		{660E3327-C152-3FB2-AB02-7F8602D309EC}.Release|Any CPU.ActiveCfg = Release|Any CPU
		{660E3327-C152-3FB2-AB02-7F8602D309EC}.Release|Any CPU.Build.0 = Release|Any CPU
		{F850942A-8E4B-671B-2D88-6C8D10FF8FE3}.Debug|Any CPU.ActiveCfg = Debug|Any CPU
		{F850942A-8E4B-671B-2D88-6C8D10FF8FE3}.Debug|Any CPU.Build.0 = Debug|Any CPU
		{F850942A-8E4B-671B-2D88-6C8D10FF8FE3}.Release|Any CPU.ActiveCfg = Release|Any CPU
		{F850942A-8E4B-671B-2D88-6C8D10FF8FE3}.Release|Any CPU.Build.0 = Release|Any CPU
		{BA1F85DC-A83D-C031-3B1B-3204A3C7B566}.Debug|Any CPU.ActiveCfg = Debug|Any CPU
		{BA1F85DC-A83D-C031-3B1B-3204A3C7B566}.Debug|Any CPU.Build.0 = Debug|Any CPU
		{BA1F85DC-A83D-C031-3B1B-3204A3C7B566}.Release|Any CPU.ActiveCfg = Release|Any CPU
		{BA1F85DC-A83D-C031-3B1B-3204A3C7B566}.Release|Any CPU.Build.0 = Release|Any CPU
		{242FA07D-096B-EA50-F05F-22BA48B04613}.Debug|Any CPU.ActiveCfg = Debug|Any CPU
		{242FA07D-096B-EA50-F05F-22BA48B04613}.Debug|Any CPU.Build.0 = Debug|Any CPU
		{242FA07D-096B-EA50-F05F-22BA48B04613}.Release|Any CPU.ActiveCfg = Release|Any CPU
		{242FA07D-096B-EA50-F05F-22BA48B04613}.Release|Any CPU.Build.0 = Release|Any CPU
		{44B2714C-FCD8-CB6B-0DF9-A0E3B521D828}.Debug|Any CPU.ActiveCfg = Debug|Any CPU
		{44B2714C-FCD8-CB6B-0DF9-A0E3B521D828}.Debug|Any CPU.Build.0 = Debug|Any CPU
		{44B2714C-FCD8-CB6B-0DF9-A0E3B521D828}.Release|Any CPU.ActiveCfg = Release|Any CPU
		{44B2714C-FCD8-CB6B-0DF9-A0E3B521D828}.Release|Any CPU.Build.0 = Release|Any CPU
		{5B2107F3-2C28-0142-1E1A-E17782AD84E6}.Debug|Any CPU.ActiveCfg = Debug|Any CPU
		{5B2107F3-2C28-0142-1E1A-E17782AD84E6}.Debug|Any CPU.Build.0 = Debug|Any CPU
		{5B2107F3-2C28-0142-1E1A-E17782AD84E6}.Release|Any CPU.ActiveCfg = Release|Any CPU
		{5B2107F3-2C28-0142-1E1A-E17782AD84E6}.Release|Any CPU.Build.0 = Release|Any CPU
		{08B28A0E-9EB7-846A-FF10-E556A272DF6F}.Debug|Any CPU.ActiveCfg = Debug|Any CPU
		{08B28A0E-9EB7-846A-FF10-E556A272DF6F}.Debug|Any CPU.Build.0 = Debug|Any CPU
		{08B28A0E-9EB7-846A-FF10-E556A272DF6F}.Release|Any CPU.ActiveCfg = Release|Any CPU
		{08B28A0E-9EB7-846A-FF10-E556A272DF6F}.Release|Any CPU.Build.0 = Release|Any CPU
		{3E9A1498-6D63-0682-A8A8-AABA26CB29F8}.Debug|Any CPU.ActiveCfg = Debug|Any CPU
		{3E9A1498-6D63-0682-A8A8-AABA26CB29F8}.Debug|Any CPU.Build.0 = Debug|Any CPU
		{3E9A1498-6D63-0682-A8A8-AABA26CB29F8}.Release|Any CPU.ActiveCfg = Release|Any CPU
		{3E9A1498-6D63-0682-A8A8-AABA26CB29F8}.Release|Any CPU.Build.0 = Release|Any CPU
		{F11E749B-66E2-834A-6ACC-8EDA20413AA6}.Debug|Any CPU.ActiveCfg = Debug|Any CPU
		{F11E749B-66E2-834A-6ACC-8EDA20413AA6}.Debug|Any CPU.Build.0 = Debug|Any CPU
		{F11E749B-66E2-834A-6ACC-8EDA20413AA6}.Release|Any CPU.ActiveCfg = Release|Any CPU
		{F11E749B-66E2-834A-6ACC-8EDA20413AA6}.Release|Any CPU.Build.0 = Release|Any CPU
		{5077BCEB-F5E7-5FAE-DF70-B8E915F5B119}.Debug|Any CPU.ActiveCfg = Debug|Any CPU
		{5077BCEB-F5E7-5FAE-DF70-B8E915F5B119}.Debug|Any CPU.Build.0 = Debug|Any CPU
		{5077BCEB-F5E7-5FAE-DF70-B8E915F5B119}.Release|Any CPU.ActiveCfg = Release|Any CPU
		{5077BCEB-F5E7-5FAE-DF70-B8E915F5B119}.Release|Any CPU.Build.0 = Release|Any CPU
		{33CB85A3-2DCB-C2B5-0139-637C834A4CF5}.Debug|Any CPU.ActiveCfg = Debug|Any CPU
		{33CB85A3-2DCB-C2B5-0139-637C834A4CF5}.Debug|Any CPU.Build.0 = Debug|Any CPU
		{33CB85A3-2DCB-C2B5-0139-637C834A4CF5}.Release|Any CPU.ActiveCfg = Release|Any CPU
		{33CB85A3-2DCB-C2B5-0139-637C834A4CF5}.Release|Any CPU.Build.0 = Release|Any CPU
		{E3329A8E-EFC5-7D6E-D0B6-338EA73F9DDB}.Debug|Any CPU.ActiveCfg = Debug|Any CPU
		{E3329A8E-EFC5-7D6E-D0B6-338EA73F9DDB}.Debug|Any CPU.Build.0 = Debug|Any CPU
		{E3329A8E-EFC5-7D6E-D0B6-338EA73F9DDB}.Release|Any CPU.ActiveCfg = Release|Any CPU
		{E3329A8E-EFC5-7D6E-D0B6-338EA73F9DDB}.Release|Any CPU.Build.0 = Release|Any CPU
		{74CF1D56-67AE-EBEE-0033-81F21BBC965D}.Debug|Any CPU.ActiveCfg = Debug|Any CPU
		{74CF1D56-67AE-EBEE-0033-81F21BBC965D}.Debug|Any CPU.Build.0 = Debug|Any CPU
		{74CF1D56-67AE-EBEE-0033-81F21BBC965D}.Release|Any CPU.ActiveCfg = Release|Any CPU
		{74CF1D56-67AE-EBEE-0033-81F21BBC965D}.Release|Any CPU.Build.0 = Release|Any CPU
		{283963B4-376D-FA50-3C8F-4631C72199A5}.Debug|Any CPU.ActiveCfg = Debug|Any CPU
		{283963B4-376D-FA50-3C8F-4631C72199A5}.Debug|Any CPU.Build.0 = Debug|Any CPU
		{283963B4-376D-FA50-3C8F-4631C72199A5}.Release|Any CPU.ActiveCfg = Release|Any CPU
		{283963B4-376D-FA50-3C8F-4631C72199A5}.Release|Any CPU.Build.0 = Release|Any CPU
		{54CAD3FC-B24D-FD41-1578-EBDF315E2A4A}.Debug|Any CPU.ActiveCfg = Debug|Any CPU
		{54CAD3FC-B24D-FD41-1578-EBDF315E2A4A}.Debug|Any CPU.Build.0 = Debug|Any CPU
		{54CAD3FC-B24D-FD41-1578-EBDF315E2A4A}.Release|Any CPU.ActiveCfg = Release|Any CPU
		{54CAD3FC-B24D-FD41-1578-EBDF315E2A4A}.Release|Any CPU.Build.0 = Release|Any CPU
		{C2434C85-2E60-E8B2-B7BF-580DB7EA167C}.Debug|Any CPU.ActiveCfg = Debug|Any CPU
		{C2434C85-2E60-E8B2-B7BF-580DB7EA167C}.Debug|Any CPU.Build.0 = Debug|Any CPU
		{C2434C85-2E60-E8B2-B7BF-580DB7EA167C}.Release|Any CPU.ActiveCfg = Release|Any CPU
		{C2434C85-2E60-E8B2-B7BF-580DB7EA167C}.Release|Any CPU.Build.0 = Release|Any CPU
		{16420DE7-F641-6141-B3D6-4AB3140277C1}.Debug|Any CPU.ActiveCfg = Debug|Any CPU
		{16420DE7-F641-6141-B3D6-4AB3140277C1}.Debug|Any CPU.Build.0 = Debug|Any CPU
		{16420DE7-F641-6141-B3D6-4AB3140277C1}.Release|Any CPU.ActiveCfg = Release|Any CPU
		{16420DE7-F641-6141-B3D6-4AB3140277C1}.Release|Any CPU.Build.0 = Release|Any CPU
		{7A04C92C-6D6D-CF35-557A-0E23C1492E0E}.Debug|Any CPU.ActiveCfg = Debug|Any CPU
		{7A04C92C-6D6D-CF35-557A-0E23C1492E0E}.Debug|Any CPU.Build.0 = Debug|Any CPU
		{7A04C92C-6D6D-CF35-557A-0E23C1492E0E}.Release|Any CPU.ActiveCfg = Release|Any CPU
		{7A04C92C-6D6D-CF35-557A-0E23C1492E0E}.Release|Any CPU.Build.0 = Release|Any CPU
		{C3C2E6EA-4A9A-8F27-F549-96C8FF0895FA}.Debug|Any CPU.ActiveCfg = Debug|Any CPU
		{C3C2E6EA-4A9A-8F27-F549-96C8FF0895FA}.Debug|Any CPU.Build.0 = Debug|Any CPU
		{C3C2E6EA-4A9A-8F27-F549-96C8FF0895FA}.Release|Any CPU.ActiveCfg = Release|Any CPU
		{C3C2E6EA-4A9A-8F27-F549-96C8FF0895FA}.Release|Any CPU.Build.0 = Release|Any CPU
		{C3633665-E6B1-CF99-B66A-90748411D52C}.Debug|Any CPU.ActiveCfg = Debug|Any CPU
		{C3633665-E6B1-CF99-B66A-90748411D52C}.Debug|Any CPU.Build.0 = Debug|Any CPU
		{C3633665-E6B1-CF99-B66A-90748411D52C}.Release|Any CPU.ActiveCfg = Release|Any CPU
		{C3633665-E6B1-CF99-B66A-90748411D52C}.Release|Any CPU.Build.0 = Release|Any CPU
		{0331964D-0AAB-E204-B61D-48EEE3FA2BCF}.Debug|Any CPU.ActiveCfg = Debug|Any CPU
		{0331964D-0AAB-E204-B61D-48EEE3FA2BCF}.Debug|Any CPU.Build.0 = Debug|Any CPU
		{0331964D-0AAB-E204-B61D-48EEE3FA2BCF}.Release|Any CPU.ActiveCfg = Release|Any CPU
		{0331964D-0AAB-E204-B61D-48EEE3FA2BCF}.Release|Any CPU.Build.0 = Release|Any CPU
		{B37E2374-2661-F9A7-0152-0222F38CC051}.Debug|Any CPU.ActiveCfg = Debug|Any CPU
		{B37E2374-2661-F9A7-0152-0222F38CC051}.Debug|Any CPU.Build.0 = Debug|Any CPU
		{B37E2374-2661-F9A7-0152-0222F38CC051}.Release|Any CPU.ActiveCfg = Release|Any CPU
		{B37E2374-2661-F9A7-0152-0222F38CC051}.Release|Any CPU.Build.0 = Release|Any CPU
		{CE28EBED-584E-AAD2-C6DA-86B3B6D818FA}.Debug|Any CPU.ActiveCfg = Debug|Any CPU
		{CE28EBED-584E-AAD2-C6DA-86B3B6D818FA}.Debug|Any CPU.Build.0 = Debug|Any CPU
		{CE28EBED-584E-AAD2-C6DA-86B3B6D818FA}.Release|Any CPU.ActiveCfg = Release|Any CPU
		{CE28EBED-584E-AAD2-C6DA-86B3B6D818FA}.Release|Any CPU.Build.0 = Release|Any CPU
		{400E47A5-FD2A-1E75-EAF6-35350EE9D82C}.Debug|Any CPU.ActiveCfg = Debug|Any CPU
		{400E47A5-FD2A-1E75-EAF6-35350EE9D82C}.Debug|Any CPU.Build.0 = Debug|Any CPU
		{400E47A5-FD2A-1E75-EAF6-35350EE9D82C}.Release|Any CPU.ActiveCfg = Release|Any CPU
		{400E47A5-FD2A-1E75-EAF6-35350EE9D82C}.Release|Any CPU.Build.0 = Release|Any CPU
		{ACE8CFC4-91EC-8CD7-B721-68D69915ADB2}.Debug|Any CPU.ActiveCfg = Debug|Any CPU
		{ACE8CFC4-91EC-8CD7-B721-68D69915ADB2}.Debug|Any CPU.Build.0 = Debug|Any CPU
		{ACE8CFC4-91EC-8CD7-B721-68D69915ADB2}.Release|Any CPU.ActiveCfg = Release|Any CPU
		{ACE8CFC4-91EC-8CD7-B721-68D69915ADB2}.Release|Any CPU.Build.0 = Release|Any CPU
		{61610C62-F670-5328-D1A8-D5079965DA10}.Debug|Any CPU.ActiveCfg = Debug|Any CPU
		{61610C62-F670-5328-D1A8-D5079965DA10}.Debug|Any CPU.Build.0 = Debug|Any CPU
		{61610C62-F670-5328-D1A8-D5079965DA10}.Release|Any CPU.ActiveCfg = Release|Any CPU
		{61610C62-F670-5328-D1A8-D5079965DA10}.Release|Any CPU.Build.0 = Release|Any CPU
		{9B8F8728-D08D-9057-4297-7A8AD75AAE42}.Debug|Any CPU.ActiveCfg = Debug|Any CPU
		{9B8F8728-D08D-9057-4297-7A8AD75AAE42}.Debug|Any CPU.Build.0 = Debug|Any CPU
		{9B8F8728-D08D-9057-4297-7A8AD75AAE42}.Release|Any CPU.ActiveCfg = Release|Any CPU
		{9B8F8728-D08D-9057-4297-7A8AD75AAE42}.Release|Any CPU.Build.0 = Release|Any CPU
		{FDD8E04C-D30B-B15E-3C49-A3FE2F0A840E}.Debug|Any CPU.ActiveCfg = Debug|Any CPU
		{FDD8E04C-D30B-B15E-3C49-A3FE2F0A840E}.Debug|Any CPU.Build.0 = Debug|Any CPU
		{FDD8E04C-D30B-B15E-3C49-A3FE2F0A840E}.Release|Any CPU.ActiveCfg = Release|Any CPU
		{FDD8E04C-D30B-B15E-3C49-A3FE2F0A840E}.Release|Any CPU.Build.0 = Release|Any CPU
		{2BE4E073-4D7C-9E89-91D5-58978CB8E506}.Debug|Any CPU.ActiveCfg = Debug|Any CPU
		{2BE4E073-4D7C-9E89-91D5-58978CB8E506}.Debug|Any CPU.Build.0 = Debug|Any CPU
		{2BE4E073-4D7C-9E89-91D5-58978CB8E506}.Release|Any CPU.ActiveCfg = Release|Any CPU
		{2BE4E073-4D7C-9E89-91D5-58978CB8E506}.Release|Any CPU.Build.0 = Release|Any CPU
		{14C7DF84-8CE1-EAAF-977F-35AFEFC02552}.Debug|Any CPU.ActiveCfg = Debug|Any CPU
		{14C7DF84-8CE1-EAAF-977F-35AFEFC02552}.Debug|Any CPU.Build.0 = Debug|Any CPU
		{14C7DF84-8CE1-EAAF-977F-35AFEFC02552}.Release|Any CPU.ActiveCfg = Release|Any CPU
		{14C7DF84-8CE1-EAAF-977F-35AFEFC02552}.Release|Any CPU.Build.0 = Release|Any CPU
		{4DFDEBB4-EF24-E3F5-2D8D-9A2AFB6AEDE9}.Debug|Any CPU.ActiveCfg = Debug|Any CPU
		{4DFDEBB4-EF24-E3F5-2D8D-9A2AFB6AEDE9}.Debug|Any CPU.Build.0 = Debug|Any CPU
		{4DFDEBB4-EF24-E3F5-2D8D-9A2AFB6AEDE9}.Release|Any CPU.ActiveCfg = Release|Any CPU
		{4DFDEBB4-EF24-E3F5-2D8D-9A2AFB6AEDE9}.Release|Any CPU.Build.0 = Release|Any CPU
		{D1723FE0-505C-99BC-FDDF-428A87583124}.Debug|Any CPU.ActiveCfg = Debug|Any CPU
		{D1723FE0-505C-99BC-FDDF-428A87583124}.Debug|Any CPU.Build.0 = Debug|Any CPU
		{D1723FE0-505C-99BC-FDDF-428A87583124}.Release|Any CPU.ActiveCfg = Release|Any CPU
		{D1723FE0-505C-99BC-FDDF-428A87583124}.Release|Any CPU.Build.0 = Release|Any CPU
		{622D36EA-6827-D7AE-A760-536D1C0E7F89}.Debug|Any CPU.ActiveCfg = Debug|Any CPU
		{622D36EA-6827-D7AE-A760-536D1C0E7F89}.Debug|Any CPU.Build.0 = Debug|Any CPU
		{622D36EA-6827-D7AE-A760-536D1C0E7F89}.Release|Any CPU.ActiveCfg = Release|Any CPU
		{622D36EA-6827-D7AE-A760-536D1C0E7F89}.Release|Any CPU.Build.0 = Release|Any CPU
		{C4FDDC62-538F-B734-3990-CCAE0C9F8E6F}.Debug|Any CPU.ActiveCfg = Debug|Any CPU
		{C4FDDC62-538F-B734-3990-CCAE0C9F8E6F}.Debug|Any CPU.Build.0 = Debug|Any CPU
		{C4FDDC62-538F-B734-3990-CCAE0C9F8E6F}.Release|Any CPU.ActiveCfg = Release|Any CPU
		{C4FDDC62-538F-B734-3990-CCAE0C9F8E6F}.Release|Any CPU.Build.0 = Release|Any CPU
		{ED860C14-48FB-F15E-B05B-004C386B121A}.Debug|Any CPU.ActiveCfg = Debug|Any CPU
		{ED860C14-48FB-F15E-B05B-004C386B121A}.Debug|Any CPU.Build.0 = Debug|Any CPU
		{ED860C14-48FB-F15E-B05B-004C386B121A}.Release|Any CPU.ActiveCfg = Release|Any CPU
		{ED860C14-48FB-F15E-B05B-004C386B121A}.Release|Any CPU.Build.0 = Release|Any CPU
		{7223B4E3-860E-409A-F993-08FB3E4BD556}.Debug|Any CPU.ActiveCfg = Debug|Any CPU
		{7223B4E3-860E-409A-F993-08FB3E4BD556}.Debug|Any CPU.Build.0 = Debug|Any CPU
		{7223B4E3-860E-409A-F993-08FB3E4BD556}.Release|Any CPU.ActiveCfg = Release|Any CPU
		{7223B4E3-860E-409A-F993-08FB3E4BD556}.Release|Any CPU.Build.0 = Release|Any CPU
		{DE33EC13-2DE4-6FDE-9D82-29D4090E078D}.Debug|Any CPU.ActiveCfg = Debug|Any CPU
		{DE33EC13-2DE4-6FDE-9D82-29D4090E078D}.Debug|Any CPU.Build.0 = Debug|Any CPU
		{DE33EC13-2DE4-6FDE-9D82-29D4090E078D}.Release|Any CPU.ActiveCfg = Release|Any CPU
		{DE33EC13-2DE4-6FDE-9D82-29D4090E078D}.Release|Any CPU.Build.0 = Release|Any CPU
		{31B94122-10C4-1E80-D450-2EB2F9FAA303}.Debug|Any CPU.ActiveCfg = Debug|Any CPU
		{31B94122-10C4-1E80-D450-2EB2F9FAA303}.Debug|Any CPU.Build.0 = Debug|Any CPU
		{31B94122-10C4-1E80-D450-2EB2F9FAA303}.Release|Any CPU.ActiveCfg = Release|Any CPU
		{31B94122-10C4-1E80-D450-2EB2F9FAA303}.Release|Any CPU.Build.0 = Release|Any CPU
		{C004D515-4675-8B20-F20F-EAF9BE12CCBB}.Debug|Any CPU.ActiveCfg = Debug|Any CPU
		{C004D515-4675-8B20-F20F-EAF9BE12CCBB}.Debug|Any CPU.Build.0 = Debug|Any CPU
		{C004D515-4675-8B20-F20F-EAF9BE12CCBB}.Release|Any CPU.ActiveCfg = Release|Any CPU
		{C004D515-4675-8B20-F20F-EAF9BE12CCBB}.Release|Any CPU.Build.0 = Release|Any CPU
		{977539DE-D706-5378-41BB-40CD218A5F0A}.Debug|Any CPU.ActiveCfg = Debug|Any CPU
		{977539DE-D706-5378-41BB-40CD218A5F0A}.Debug|Any CPU.Build.0 = Debug|Any CPU
		{977539DE-D706-5378-41BB-40CD218A5F0A}.Release|Any CPU.ActiveCfg = Release|Any CPU
		{977539DE-D706-5378-41BB-40CD218A5F0A}.Release|Any CPU.Build.0 = Release|Any CPU
		{D8438C92-4BBA-880D-5914-B14237CB87DD}.Debug|Any CPU.ActiveCfg = Debug|Any CPU
		{D8438C92-4BBA-880D-5914-B14237CB87DD}.Debug|Any CPU.Build.0 = Debug|Any CPU
		{D8438C92-4BBA-880D-5914-B14237CB87DD}.Release|Any CPU.ActiveCfg = Release|Any CPU
		{D8438C92-4BBA-880D-5914-B14237CB87DD}.Release|Any CPU.Build.0 = Release|Any CPU
		{7A2BC724-FFBD-020C-8E48-7859ECB41601}.Debug|Any CPU.ActiveCfg = Debug|Any CPU
		{7A2BC724-FFBD-020C-8E48-7859ECB41601}.Debug|Any CPU.Build.0 = Debug|Any CPU
		{7A2BC724-FFBD-020C-8E48-7859ECB41601}.Release|Any CPU.ActiveCfg = Release|Any CPU
		{7A2BC724-FFBD-020C-8E48-7859ECB41601}.Release|Any CPU.Build.0 = Release|Any CPU
		{88DFA9E7-03E2-27C1-8D97-D26E4F57597A}.Debug|Any CPU.ActiveCfg = Debug|Any CPU
		{88DFA9E7-03E2-27C1-8D97-D26E4F57597A}.Debug|Any CPU.Build.0 = Debug|Any CPU
		{88DFA9E7-03E2-27C1-8D97-D26E4F57597A}.Release|Any CPU.ActiveCfg = Release|Any CPU
		{88DFA9E7-03E2-27C1-8D97-D26E4F57597A}.Release|Any CPU.Build.0 = Release|Any CPU
		{5A3D30F3-C4E9-050A-2CE9-9CE41300BC81}.Debug|Any CPU.ActiveCfg = Debug|Any CPU
		{5A3D30F3-C4E9-050A-2CE9-9CE41300BC81}.Debug|Any CPU.Build.0 = Debug|Any CPU
		{5A3D30F3-C4E9-050A-2CE9-9CE41300BC81}.Release|Any CPU.ActiveCfg = Release|Any CPU
		{5A3D30F3-C4E9-050A-2CE9-9CE41300BC81}.Release|Any CPU.Build.0 = Release|Any CPU
		{4F56CCD4-9BC4-FCD1-BB33-DFBD13D70EC4}.Debug|Any CPU.ActiveCfg = Debug|Any CPU
		{4F56CCD4-9BC4-FCD1-BB33-DFBD13D70EC4}.Debug|Any CPU.Build.0 = Debug|Any CPU
		{4F56CCD4-9BC4-FCD1-BB33-DFBD13D70EC4}.Release|Any CPU.ActiveCfg = Release|Any CPU
		{4F56CCD4-9BC4-FCD1-BB33-DFBD13D70EC4}.Release|Any CPU.Build.0 = Release|Any CPU
		{BC0221A0-E90E-86A1-69DE-C3CAD5BDD634}.Debug|Any CPU.ActiveCfg = Debug|Any CPU
		{BC0221A0-E90E-86A1-69DE-C3CAD5BDD634}.Debug|Any CPU.Build.0 = Debug|Any CPU
		{BC0221A0-E90E-86A1-69DE-C3CAD5BDD634}.Release|Any CPU.ActiveCfg = Release|Any CPU
		{BC0221A0-E90E-86A1-69DE-C3CAD5BDD634}.Release|Any CPU.Build.0 = Release|Any CPU
		{91CE9A16-CD40-F905-328E-7B4FBA19116C}.Debug|Any CPU.ActiveCfg = Debug|Any CPU
		{91CE9A16-CD40-F905-328E-7B4FBA19116C}.Debug|Any CPU.Build.0 = Debug|Any CPU
		{91CE9A16-CD40-F905-328E-7B4FBA19116C}.Release|Any CPU.ActiveCfg = Release|Any CPU
		{91CE9A16-CD40-F905-328E-7B4FBA19116C}.Release|Any CPU.Build.0 = Release|Any CPU
		{8C91FB26-12A6-51E7-DD00-DFCCC676BAD4}.Debug|Any CPU.ActiveCfg = Debug|Any CPU
		{8C91FB26-12A6-51E7-DD00-DFCCC676BAD4}.Debug|Any CPU.Build.0 = Debug|Any CPU
		{8C91FB26-12A6-51E7-DD00-DFCCC676BAD4}.Release|Any CPU.ActiveCfg = Release|Any CPU
		{8C91FB26-12A6-51E7-DD00-DFCCC676BAD4}.Release|Any CPU.Build.0 = Release|Any CPU
		{5B38108B-6F49-BBC6-7FA2-3001DBB047E9}.Debug|Any CPU.ActiveCfg = Debug|Any CPU
		{5B38108B-6F49-BBC6-7FA2-3001DBB047E9}.Debug|Any CPU.Build.0 = Debug|Any CPU
		{5B38108B-6F49-BBC6-7FA2-3001DBB047E9}.Release|Any CPU.ActiveCfg = Release|Any CPU
		{5B38108B-6F49-BBC6-7FA2-3001DBB047E9}.Release|Any CPU.Build.0 = Release|Any CPU
		{56259941-C727-C6F5-E566-AD5EB9CD0587}.Debug|Any CPU.ActiveCfg = Debug|Any CPU
		{56259941-C727-C6F5-E566-AD5EB9CD0587}.Debug|Any CPU.Build.0 = Debug|Any CPU
		{56259941-C727-C6F5-E566-AD5EB9CD0587}.Release|Any CPU.ActiveCfg = Release|Any CPU
		{56259941-C727-C6F5-E566-AD5EB9CD0587}.Release|Any CPU.Build.0 = Release|Any CPU
		{5F07B4DB-12EA-6415-763B-5301565510BF}.Debug|Any CPU.ActiveCfg = Debug|Any CPU
		{5F07B4DB-12EA-6415-763B-5301565510BF}.Debug|Any CPU.Build.0 = Debug|Any CPU
		{5F07B4DB-12EA-6415-763B-5301565510BF}.Release|Any CPU.ActiveCfg = Release|Any CPU
		{5F07B4DB-12EA-6415-763B-5301565510BF}.Release|Any CPU.Build.0 = Release|Any CPU
		{B5E60AC0-9A47-24CC-9D69-BACE30F44857}.Debug|Any CPU.ActiveCfg = Debug|Any CPU
		{B5E60AC0-9A47-24CC-9D69-BACE30F44857}.Debug|Any CPU.Build.0 = Debug|Any CPU
		{B5E60AC0-9A47-24CC-9D69-BACE30F44857}.Release|Any CPU.ActiveCfg = Release|Any CPU
		{B5E60AC0-9A47-24CC-9D69-BACE30F44857}.Release|Any CPU.Build.0 = Release|Any CPU
		{021849FE-692E-2D15-2979-EB8A4E818C7A}.Debug|Any CPU.ActiveCfg = Debug|Any CPU
		{021849FE-692E-2D15-2979-EB8A4E818C7A}.Debug|Any CPU.Build.0 = Debug|Any CPU
		{021849FE-692E-2D15-2979-EB8A4E818C7A}.Release|Any CPU.ActiveCfg = Release|Any CPU
		{021849FE-692E-2D15-2979-EB8A4E818C7A}.Release|Any CPU.Build.0 = Release|Any CPU
		{DF9B1445-A4CD-5FF5-46BA-80CB94642147}.Debug|Any CPU.ActiveCfg = Debug|Any CPU
		{DF9B1445-A4CD-5FF5-46BA-80CB94642147}.Debug|Any CPU.Build.0 = Debug|Any CPU
		{DF9B1445-A4CD-5FF5-46BA-80CB94642147}.Release|Any CPU.ActiveCfg = Release|Any CPU
		{DF9B1445-A4CD-5FF5-46BA-80CB94642147}.Release|Any CPU.Build.0 = Release|Any CPU
		{BB5BD745-8843-BF71-EFFE-2D511D8FF126}.Debug|Any CPU.ActiveCfg = Debug|Any CPU
		{BB5BD745-8843-BF71-EFFE-2D511D8FF126}.Debug|Any CPU.Build.0 = Debug|Any CPU
		{BB5BD745-8843-BF71-EFFE-2D511D8FF126}.Release|Any CPU.ActiveCfg = Release|Any CPU
		{BB5BD745-8843-BF71-EFFE-2D511D8FF126}.Release|Any CPU.Build.0 = Release|Any CPU
	EndGlobalSection
	GlobalSection(SolutionProperties) = preSolution
		HideSolutionNode = FALSE
	EndGlobalSection
	GlobalSection(NestedProjects) = preSolution
		{4C7E225E-EC8B-968C-D5AE-E0B0DF1D455A} = {0C88DD14-F956-CE84-757C-A364CCF449FC}
		{2BC9C64C-5292-FC37-8C9C-D4E8C57D61B6} = {0C88DD14-F956-CE84-757C-A364CCF449FC}
		{58883663-DD42-A747-3F8C-16C5A8A160E1} = {0C88DD14-F956-CE84-757C-A364CCF449FC}
		{CE5B1C9E-8E56-6B70-24F5-7321FAC17AB5} = {0C88DD14-F956-CE84-757C-A364CCF449FC}
		{7F382BCC-3E6D-5880-B535-114101882AE1} = {0C88DD14-F956-CE84-757C-A364CCF449FC}
		{E11F11DE-1BB2-AF7A-4C10-C6FBE884EA52} = {0C88DD14-F956-CE84-757C-A364CCF449FC}
		{E20E7732-068F-93A7-BAC7-6B7C1D71C13E} = {0C88DD14-F956-CE84-757C-A364CCF449FC}
		{938BE215-9C9B-12DA-6135-C44AB14895BC} = {0C88DD14-F956-CE84-757C-A364CCF449FC}
		{F3D3EF99-85DB-BDFF-E7DA-DE8B5EB3EE01} = {0C88DD14-F956-CE84-757C-A364CCF449FC}
		{660E3327-C152-3FB2-AB02-7F8602D309EC} = {0C88DD14-F956-CE84-757C-A364CCF449FC}
		{F850942A-8E4B-671B-2D88-6C8D10FF8FE3} = {0C88DD14-F956-CE84-757C-A364CCF449FC}
		{BA1F85DC-A83D-C031-3B1B-3204A3C7B566} = {0C88DD14-F956-CE84-757C-A364CCF449FC}
		{242FA07D-096B-EA50-F05F-22BA48B04613} = {0C88DD14-F956-CE84-757C-A364CCF449FC}
		{44B2714C-FCD8-CB6B-0DF9-A0E3B521D828} = {0C88DD14-F956-CE84-757C-A364CCF449FC}
		{5B2107F3-2C28-0142-1E1A-E17782AD84E6} = {0C88DD14-F956-CE84-757C-A364CCF449FC}
		{08B28A0E-9EB7-846A-FF10-E556A272DF6F} = {0C88DD14-F956-CE84-757C-A364CCF449FC}
		{3E9A1498-6D63-0682-A8A8-AABA26CB29F8} = {0C88DD14-F956-CE84-757C-A364CCF449FC}
		{F11E749B-66E2-834A-6ACC-8EDA20413AA6} = {0C88DD14-F956-CE84-757C-A364CCF449FC}
		{5077BCEB-F5E7-5FAE-DF70-B8E915F5B119} = {0C88DD14-F956-CE84-757C-A364CCF449FC}
		{33CB85A3-2DCB-C2B5-0139-637C834A4CF5} = {0C88DD14-F956-CE84-757C-A364CCF449FC}
		{E3329A8E-EFC5-7D6E-D0B6-338EA73F9DDB} = {0C88DD14-F956-CE84-757C-A364CCF449FC}
		{74CF1D56-67AE-EBEE-0033-81F21BBC965D} = {0C88DD14-F956-CE84-757C-A364CCF449FC}
		{283963B4-376D-FA50-3C8F-4631C72199A5} = {0C88DD14-F956-CE84-757C-A364CCF449FC}
		{54CAD3FC-B24D-FD41-1578-EBDF315E2A4A} = {0C88DD14-F956-CE84-757C-A364CCF449FC}
		{C2434C85-2E60-E8B2-B7BF-580DB7EA167C} = {0C88DD14-F956-CE84-757C-A364CCF449FC}
		{16420DE7-F641-6141-B3D6-4AB3140277C1} = {827E0CD3-B72D-47B6-A68D-7590B98EB39B}
		{7A04C92C-6D6D-CF35-557A-0E23C1492E0E} = {827E0CD3-B72D-47B6-A68D-7590B98EB39B}
		{C3C2E6EA-4A9A-8F27-F549-96C8FF0895FA} = {827E0CD3-B72D-47B6-A68D-7590B98EB39B}
		{C3633665-E6B1-CF99-B66A-90748411D52C} = {827E0CD3-B72D-47B6-A68D-7590B98EB39B}
		{0331964D-0AAB-E204-B61D-48EEE3FA2BCF} = {827E0CD3-B72D-47B6-A68D-7590B98EB39B}
		{B37E2374-2661-F9A7-0152-0222F38CC051} = {827E0CD3-B72D-47B6-A68D-7590B98EB39B}
		{CE28EBED-584E-AAD2-C6DA-86B3B6D818FA} = {827E0CD3-B72D-47B6-A68D-7590B98EB39B}
		{400E47A5-FD2A-1E75-EAF6-35350EE9D82C} = {827E0CD3-B72D-47B6-A68D-7590B98EB39B}
		{ACE8CFC4-91EC-8CD7-B721-68D69915ADB2} = {827E0CD3-B72D-47B6-A68D-7590B98EB39B}
		{61610C62-F670-5328-D1A8-D5079965DA10} = {827E0CD3-B72D-47B6-A68D-7590B98EB39B}
		{9B8F8728-D08D-9057-4297-7A8AD75AAE42} = {827E0CD3-B72D-47B6-A68D-7590B98EB39B}
		{FDD8E04C-D30B-B15E-3C49-A3FE2F0A840E} = {827E0CD3-B72D-47B6-A68D-7590B98EB39B}
		{2BE4E073-4D7C-9E89-91D5-58978CB8E506} = {827E0CD3-B72D-47B6-A68D-7590B98EB39B}
		{14C7DF84-8CE1-EAAF-977F-35AFEFC02552} = {827E0CD3-B72D-47B6-A68D-7590B98EB39B}
		{4DFDEBB4-EF24-E3F5-2D8D-9A2AFB6AEDE9} = {827E0CD3-B72D-47B6-A68D-7590B98EB39B}
		{D1723FE0-505C-99BC-FDDF-428A87583124} = {827E0CD3-B72D-47B6-A68D-7590B98EB39B}
		{622D36EA-6827-D7AE-A760-536D1C0E7F89} = {827E0CD3-B72D-47B6-A68D-7590B98EB39B}
		{C4FDDC62-538F-B734-3990-CCAE0C9F8E6F} = {827E0CD3-B72D-47B6-A68D-7590B98EB39B}
		{ED860C14-48FB-F15E-B05B-004C386B121A} = {827E0CD3-B72D-47B6-A68D-7590B98EB39B}
		{7223B4E3-860E-409A-F993-08FB3E4BD556} = {827E0CD3-B72D-47B6-A68D-7590B98EB39B}
		{DE33EC13-2DE4-6FDE-9D82-29D4090E078D} = {827E0CD3-B72D-47B6-A68D-7590B98EB39B}
		{31B94122-10C4-1E80-D450-2EB2F9FAA303} = {827E0CD3-B72D-47B6-A68D-7590B98EB39B}
		{C004D515-4675-8B20-F20F-EAF9BE12CCBB} = {827E0CD3-B72D-47B6-A68D-7590B98EB39B}
		{977539DE-D706-5378-41BB-40CD218A5F0A} = {827E0CD3-B72D-47B6-A68D-7590B98EB39B}
		{D8438C92-4BBA-880D-5914-B14237CB87DD} = {827E0CD3-B72D-47B6-A68D-7590B98EB39B}
		{7A2BC724-FFBD-020C-8E48-7859ECB41601} = {827E0CD3-B72D-47B6-A68D-7590B98EB39B}
		{88DFA9E7-03E2-27C1-8D97-D26E4F57597A} = {827E0CD3-B72D-47B6-A68D-7590B98EB39B}
		{5A3D30F3-C4E9-050A-2CE9-9CE41300BC81} = {827E0CD3-B72D-47B6-A68D-7590B98EB39B}
		{4F56CCD4-9BC4-FCD1-BB33-DFBD13D70EC4} = {827E0CD3-B72D-47B6-A68D-7590B98EB39B}
		{BC0221A0-E90E-86A1-69DE-C3CAD5BDD634} = {827E0CD3-B72D-47B6-A68D-7590B98EB39B}
		{91CE9A16-CD40-F905-328E-7B4FBA19116C} = {827E0CD3-B72D-47B6-A68D-7590B98EB39B}
		{8C91FB26-12A6-51E7-DD00-DFCCC676BAD4} = {827E0CD3-B72D-47B6-A68D-7590B98EB39B}
		{5B38108B-6F49-BBC6-7FA2-3001DBB047E9} = {827E0CD3-B72D-47B6-A68D-7590B98EB39B}
		{56259941-C727-C6F5-E566-AD5EB9CD0587} = {827E0CD3-B72D-47B6-A68D-7590B98EB39B}
		{5F07B4DB-12EA-6415-763B-5301565510BF} = {827E0CD3-B72D-47B6-A68D-7590B98EB39B}
		{B5E60AC0-9A47-24CC-9D69-BACE30F44857} = {827E0CD3-B72D-47B6-A68D-7590B98EB39B}
		{021849FE-692E-2D15-2979-EB8A4E818C7A} = {827E0CD3-B72D-47B6-A68D-7590B98EB39B}
		{DF9B1445-A4CD-5FF5-46BA-80CB94642147} = {827E0CD3-B72D-47B6-A68D-7590B98EB39B}
		{BB5BD745-8843-BF71-EFFE-2D511D8FF126} = {827E0CD3-B72D-47B6-A68D-7590B98EB39B}
	EndGlobalSection
	GlobalSection(ExtensibilityGlobals) = postSolution
		SolutionGuid = {8E82832D-F16C-4A35-95D1-A6D05689560B}
	EndGlobalSection
EndGlobal
