
Microsoft Visual Studio Solution File, Format Version 12.00
# Visual Studio Version 17
VisualStudioVersion = 17.0.31808.319
MinimumVisualStudioVersion = 10.0.40219.1
Project("{2150E333-8FDC-42A3-9474-1A3956D46DE8}") = "src", "src", "{605436C1-2560-47BA-99D4-7A80B628230F}"
EndProject
Project("{2150E333-8FDC-42A3-9474-1A3956D46DE8}") = "test", "test", "{DB5A8331-2B57-4F2B-8F7D-02E167BCD8BB}"
EndProject
Project("{9A19103F-16F7-4668-BE54-9A1E7A4F7556}") = "NetCorePal.Extensions.ServiceDiscovery.Abstractions", "src\ServiceDiscovery.Abstractions\NetCorePal.Extensions.ServiceDiscovery.Abstractions.csproj", "{708461A4-B68B-4F90-B18E-79371E4F9AF0}"
EndProject
Project("{9A19103F-16F7-4668-BE54-9A1E7A4F7556}") = "NetCorePal.Extensions.ServiceDiscovery.K8s", "src\ServiceDiscovery.K8s\NetCorePal.Extensions.ServiceDiscovery.K8s.csproj", "{307383B8-6ED1-4CD4-9020-E0CC64515676}"
EndProject
Project("{9A19103F-16F7-4668-BE54-9A1E7A4F7556}") = "NetCorePal.Attributes", "src\Attributes\NetCorePal.Attributes.csproj", "{9F29331B-5EE5-4352-995E-21194818AC4D}"
EndProject
Project("{9A19103F-16F7-4668-BE54-9A1E7A4F7556}") = "NetCorePal.Extensions.Primitives", "src\Primitives\NetCorePal.Extensions.Primitives.csproj", "{B0FB758C-8A66-4DB8-9759-08905289D828}"
EndProject
Project("{9A19103F-16F7-4668-BE54-9A1E7A4F7556}") = "NetCorePal.Extensions.Repository.Abstractions", "src\Repository.Abstractions\NetCorePal.Extensions.Repository.Abstractions.csproj", "{2D4DCB54-4E8A-4788-9444-2B986E686530}"
EndProject
Project("{9A19103F-16F7-4668-BE54-9A1E7A4F7556}") = "NetCorePal.Extensions.Domain.Abstractions", "src\Domain.Abstractions\NetCorePal.Extensions.Domain.Abstractions.csproj", "{0CCFB786-9B21-45B6-8396-D568B85CC396}"
EndProject
Project("{9A19103F-16F7-4668-BE54-9A1E7A4F7556}") = "NetCorePal.Extensions.Repository.EntityFrameworkCore", "src\Repository.EntityFrameworkCore\NetCorePal.Extensions.Repository.EntityFrameworkCore.csproj", "{21CB3E82-1122-4548-A008-7AF51C824526}"
EndProject
Project("{2150E333-8FDC-42A3-9474-1A3956D46DE8}") = "Domain", "Domain", "{EC28FBCE-00AD-49CA-A766-B39C40856820}"
EndProject
Project("{2150E333-8FDC-42A3-9474-1A3956D46DE8}") = "ServiceDiscovery", "ServiceDiscovery", "{E489AB62-2255-406A-B44D-E57E746074FC}"
EndProject
Project("{2150E333-8FDC-42A3-9474-1A3956D46DE8}") = "Solution Items", "Solution Items", "{BBFF851A-A70C-4DC5-9786-D211FE6633CC}"
	ProjectSection(SolutionItems) = preProject
		Directory.Build.props = Directory.Build.props
		Directory.Build.targets = Directory.Build.targets
		.github\workflows\dotnet.yml = .github\workflows\dotnet.yml
		NuGet.config = NuGet.config
		README.md = README.md
		eng\versions.props = eng\versions.props
	EndProjectSection
EndProject
Project("{2150E333-8FDC-42A3-9474-1A3956D46DE8}") = "Context", "Context", "{9B0CA588-CC03-4B95-A204-4DCC71B1DB1F}"
EndProject
Project("{9A19103F-16F7-4668-BE54-9A1E7A4F7556}") = "NetCorePal.Context.Abstractions", "src\Context.Abstractions\NetCorePal.Context.Abstractions.csproj", "{9B0E7185-BF50-4784-B755-D39D325E5097}"
EndProject
Project("{9A19103F-16F7-4668-BE54-9A1E7A4F7556}") = "NetCorePal.Context.AspNetCore", "src\Context.AspNetCore\NetCorePal.Context.AspNetCore.csproj", "{C9F403E5-5A2A-4DE7-AB66-D328BDAC98EC}"
EndProject
Project("{2150E333-8FDC-42A3-9474-1A3956D46DE8}") = "IdGeneration", "IdGeneration", "{518B90D3-B430-464C-9BE1-4FC83365B94B}"
EndProject
Project("{9A19103F-16F7-4668-BE54-9A1E7A4F7556}") = "NetCorePal.Extensions.Snowflake", "src\Snowflake\NetCorePal.Extensions.Snowflake.csproj", "{796D53CC-E0C4-4BB0-B49D-9C90F50CF6ED}"
EndProject
Project("{9A19103F-16F7-4668-BE54-9A1E7A4F7556}") = "NetCorePal.Extensions.Snowflake.Etcd", "src\Snowflake.Etcd\NetCorePal.Extensions.Snowflake.Etcd.csproj", "{52DFC553-6E8D-4A92-8484-E0F06DE9C7C7}"
EndProject
Project("{9A19103F-16F7-4668-BE54-9A1E7A4F7556}") = "NetCorePal.Extensions.Domain.Abstractions.UnitTests", "test\NetCorePal.Extensions.Domain.Abstractions.UnitTests\NetCorePal.Extensions.Domain.Abstractions.UnitTests.csproj", "{89998F97-065C-4881-88E0-E60366642B52}"
EndProject
Project("{9A19103F-16F7-4668-BE54-9A1E7A4F7556}") = "NetCorePal.Extensions.Mappers", "src\Mappers\NetCorePal.Extensions.Mappers.csproj", "{EE83D9C6-E32A-4D23-8B7D-0F71FBA00710}"
EndProject
Project("{9A19103F-16F7-4668-BE54-9A1E7A4F7556}") = "NetCorePal.Extensions.Mappers.UnitTests", "test\NetCorePal.Extensions.Mappers.UnitTests\NetCorePal.Extensions.Mappers.UnitTests.csproj", "{A36FC72F-518C-47F2-B792-2A6D6BEA1C17}"
EndProject
Project("{9A19103F-16F7-4668-BE54-9A1E7A4F7556}") = "NetCorePal.Extensions.Repository.EntityFrameworkCore.SourceGenerators", "src\Repository.EntityFrameworkCore.SourceGenerators\NetCorePal.Extensions.Repository.EntityFrameworkCore.SourceGenerators.csproj", "{2E492705-68E8-4FC1-B43E-D7A964873147}"
EndProject
Project("{9A19103F-16F7-4668-BE54-9A1E7A4F7556}") = "NetCorePal.ConsoleApp", "test\ConsoleApp\NetCorePal.ConsoleApp.csproj", "{C8928510-01E9-4C1C-9F49-39F8C0005051}"
EndProject
Project("{9A19103F-16F7-4668-BE54-9A1E7A4F7556}") = "NetCorePal.Extensions.Domain.SourceGenerators", "src\Domain.SourceGenerators\NetCorePal.Extensions.Domain.SourceGenerators.csproj", "{42F1DD5F-0EF6-4E71-943E-33D203C713DE}"
EndProject
Project("{2150E333-8FDC-42A3-9474-1A3956D46DE8}") = "解决方案项", "解决方案项", "{C59B7768-0F74-4E27-8386-68BB31AF71D1}"
	ProjectSection(SolutionItems) = preProject
		Directory.Build.props = Directory.Build.props
		global.json = global.json
		NuGet.config = NuGet.config
		README.md = README.md
	EndProjectSection
EndProject
Project("{9A19103F-16F7-4668-BE54-9A1E7A4F7556}") = "NetCorePal.Extensions.Repository.EntityFrameworkCore.PostgreSql.Tests", "test\NetCorePal.Extensions.Repository.EntityFrameworkCore.PostgreSql.Tests\NetCorePal.Extensions.Repository.EntityFrameworkCore.PostgreSql.Tests.csproj", "{1ACDB12A-D377-4375-AD69-517A2BB261EA}"
EndProject
Project("{2150E333-8FDC-42A3-9474-1A3956D46DE8}") = "DistributedTransactions", "DistributedTransactions", "{12EE5383-F550-4070-9362-B5C1000D3DF3}"
EndProject
Project("{9A19103F-16F7-4668-BE54-9A1E7A4F7556}") = "NetCorePal.Extensions.DistributedTransactions.Abstractions", "src\DistributedTransactions.Abstractions\NetCorePal.Extensions.DistributedTransactions.Abstractions.csproj", "{676FF676-7F9E-41D1-9F15-CBEB00A43D77}"
EndProject
Project("{9A19103F-16F7-4668-BE54-9A1E7A4F7556}") = "NetCorePal.Extensions.DistributedTransactions.CAP", "src\DistributedTransactions.CAP\NetCorePal.Extensions.DistributedTransactions.CAP.csproj", "{CC3737A2-0E67-41D8-BDC7-3F7DE98EE1D0}"
EndProject
Project("{9A19103F-16F7-4668-BE54-9A1E7A4F7556}") = "NetCorePal.Extensions.DistributedTransactions.CAP.MySql", "src\DistributedTransactions.CAP.MySql\NetCorePal.Extensions.DistributedTransactions.CAP.MySql.csproj", "{7A4ABD64-8D4C-4A19-9F0F-EC15B27E6286}"
EndProject
Project("{9A19103F-16F7-4668-BE54-9A1E7A4F7556}") = "NetCorePal.Extensions.DistributedTransactions.CAP.PostgreSql", "src\DistributedTransactions.CAP.PostgreSql\NetCorePal.Extensions.DistributedTransactions.CAP.PostgreSql.csproj", "{2FDB8D38-64C0-47F5-857A-79F589E266C9}"
EndProject
Project("{9A19103F-16F7-4668-BE54-9A1E7A4F7556}") = "NetCorePal.Extensions.DistributedTransactions.CAP.SourceGenerators", "src\DistributedTransactions.CAP.SourceGenerators\NetCorePal.Extensions.DistributedTransactions.CAP.SourceGenerators.csproj", "{6409206D-2C31-4216-8FE6-A578A4571215}"
EndProject
Project("{9A19103F-16F7-4668-BE54-9A1E7A4F7556}") = "NetCorePal.Web.UnitTests", "test\NetCorePal.Web.UnitTests\NetCorePal.Web.UnitTests.csproj", "{AB3351B3-2765-4ECA-AED3-46E7FF68A447}"
EndProject
Project("{9A19103F-16F7-4668-BE54-9A1E7A4F7556}") = "NetCorePal.Web", "test\NetCorePal.Web\NetCorePal.Web.csproj", "{2F247CBB-07E2-4AAD-98DD-7654E3B31E3D}"
EndProject
Project("{9A19103F-16F7-4668-BE54-9A1E7A4F7556}") = "NetCorePal.Extensions.ServiceDiscovery.K8s.UnitTests", "test\NetCorePal.Extensions.ServiceDiscovery.K8s.UnitTests\NetCorePal.Extensions.ServiceDiscovery.K8s.UnitTests.csproj", "{44AADC99-4B4D-4399-A94E-44749C7F4EEF}"
EndProject
Project("{9A19103F-16F7-4668-BE54-9A1E7A4F7556}") = "NetCorePal.Context.Shared", "src\Context.Shared\NetCorePal.Context.Shared.csproj", "{A127060F-4BEB-4703-9E63-1B010A732C3A}"
EndProject
Project("{9A19103F-16F7-4668-BE54-9A1E7A4F7556}") = "NetCorePal.Extensions.ServiceDiscovery.Abstractions.UnitTests", "test\NetCorePal.Extensions.ServiceDiscovery.Abstractions.UnitTests\NetCorePal.Extensions.ServiceDiscovery.Abstractions.UnitTests.csproj", "{4F697417-D2B4-45DE-B89C-CA1BA9DC4E2B}"
EndProject
Project("{9A19103F-16F7-4668-BE54-9A1E7A4F7556}") = "NetCorePal.Extensions.MultiEnv", "src\MultiEnv\NetCorePal.Extensions.MultiEnv.csproj", "{FE04352E-B7E1-4EEF-80AA-0F19AFA46564}"
EndProject
Project("{9A19103F-16F7-4668-BE54-9A1E7A4F7556}") = "NetCorePal.Extensions.MultiEnv.UnitTests", "test\NetCorePal.Extensions.MultiEnv.UnitTests\NetCorePal.Extensions.MultiEnv.UnitTests.csproj", "{55E4EA11-24E9-405B-8081-3E9D54D37A54}"
EndProject
Project("{9A19103F-16F7-4668-BE54-9A1E7A4F7556}") = "NetCorePal.Extensions.Repository.EntityFrameworkCore.Snowflake", "src\Repository.EntityFrameworkCore.Snowflake\NetCorePal.Extensions.Repository.EntityFrameworkCore.Snowflake.csproj", "{01B25A8D-1A79-4B9C-BD4B-105526F07682}"
EndProject
Project("{9A19103F-16F7-4668-BE54-9A1E7A4F7556}") = "NetCorePal.Context.CAP", "src\Context.CAP\NetCorePal.Context.CAP.csproj", "{E5DC8CA6-66A9-4CEA-AC6C-06B10A58BB22}"
EndProject
Project("{9A19103F-16F7-4668-BE54-9A1E7A4F7556}") = "NetCorePal.Extensions.AspNetCore", "src\AspNetCore\NetCorePal.Extensions.AspNetCore.csproj", "{F49388F1-550E-4723-B57C-48A05CF2296A}"
EndProject
Project("{9A19103F-16F7-4668-BE54-9A1E7A4F7556}") = "NetCorePal.Extensions.Repository.EntityFrameworkCore.Identity", "src\Repository.EntityFrameworkCore.Identity\NetCorePal.Extensions.Repository.EntityFrameworkCore.Identity.csproj", "{103B3995-2BBE-4B0B-99BB-2FB893C740C5}"
EndProject
Project("{9A19103F-16F7-4668-BE54-9A1E7A4F7556}") = "NetCorePal.Context.AspNetCore.UnitTests", "test\NetCorePal.Context.AspNetCore.UnitTests\NetCorePal.Context.AspNetCore.UnitTests.csproj", "{CD5644EF-3161-4782-ACA2-FB7C7B390B72}"
EndProject
Project("{9A19103F-16F7-4668-BE54-9A1E7A4F7556}") = "NetCorePal.Extensions.Snowflake.Consul", "src\Snowflake.Consul\NetCorePal.Extensions.Snowflake.Consul.csproj", "{4C082F87-DF2D-4900-9CFE-21D3E31D3FFE}"
EndProject
Project("{9A19103F-16F7-4668-BE54-9A1E7A4F7556}") = "NetCorePal.Extensions.Snowflake.Consul.UnitTests", "test\NetCorePal.Extensions.Snowflake.Consul.UnitTests\NetCorePal.Extensions.Snowflake.Consul.UnitTests.csproj", "{B3FC2F02-DA8A-4F04-BD3F-CFBC4DEF6AB6}"
EndProject
Project("{9A19103F-16F7-4668-BE54-9A1E7A4F7556}") = "NetCorePal.Extensions.AspNetCore.UnitTests", "test\NetCorePal.Extensions.AspNetCore.UnitTests\NetCorePal.Extensions.AspNetCore.UnitTests.csproj", "{9F85B529-3052-4411-AA6B-5D41B3F20137}"
EndProject
Project("{9A19103F-16F7-4668-BE54-9A1E7A4F7556}") = "NetCorePal.Extensions.DistributedTransactions.CAP.UnitTests", "test\NetCorePal.Extensions.DistributedTransactions.CAP.UnitTests\NetCorePal.Extensions.DistributedTransactions.CAP.UnitTests.csproj", "{694F90EF-B149-4A2B-A4A1-F47279E291A3}"
EndProject
Project("{9A19103F-16F7-4668-BE54-9A1E7A4F7556}") = "NetCorePal.Extensions.DistributedTransactions.UnitTests", "test\NetCorePal.Extensions.DistributedTransactions.UnitTests\NetCorePal.Extensions.DistributedTransactions.UnitTests.csproj", "{C4CBFDFF-8ECC-4E6B-B68B-9896770C7903}"
EndProject
Project("{9A19103F-16F7-4668-BE54-9A1E7A4F7556}") = "NetCorePal.Extensions.NewtonsoftJson", "src\NewtonsoftJson\NetCorePal.Extensions.NewtonsoftJson.csproj", "{C8612E52-2943-465B-A725-1337F45ED507}"
EndProject
Project("{9A19103F-16F7-4668-BE54-9A1E7A4F7556}") = "NetCorePal.Extensions.DistributedLocks.Abstractions", "src\DistributedLocks.Abstractions\NetCorePal.Extensions.DistributedLocks.Abstractions.csproj", "{ABD2CD15-0955-4F14-9735-73E656C4FEDC}"
EndProject
Project("{9A19103F-16F7-4668-BE54-9A1E7A4F7556}") = "NetCorePal.Extensions.DistributedLocks.Redis", "src\DistributedLocks.Redis\NetCorePal.Extensions.DistributedLocks.Redis.csproj", "{7BA698FA-5B2B-4C9D-A6F8-ECCBF8D49869}"
EndProject
Project("{9A19103F-16F7-4668-BE54-9A1E7A4F7556}") = "NetCorePal.Extensions.MultiEnv.CAP.RabbitMQ", "src\MultiEnv.CAP.RabbitMQ\NetCorePal.Extensions.MultiEnv.CAP.RabbitMQ.csproj", "{0A5543FA-4C70-4A95-AD83-FEED18A00563}"
EndProject
Project("{9A19103F-16F7-4668-BE54-9A1E7A4F7556}") = "NetCorePal.SkyApm.Diagnostics", "src\NetCorePal.SkyApm.Diagnostics\NetCorePal.SkyApm.Diagnostics.csproj", "{EF1C82DE-D48B-4FD3-BF02-7469E9E5A0E2}"
EndProject
Project("{9A19103F-16F7-4668-BE54-9A1E7A4F7556}") = "NetCorePal.Extensions.Snowflake.Redis", "src\Snowflake.Redis\NetCorePal.Extensions.Snowflake.Redis.csproj", "{FA85B2AD-3891-4F9A-ACB5-545E1DC07519}"
EndProject
Project("{9A19103F-16F7-4668-BE54-9A1E7A4F7556}") = "NetCorePal.Extensions.Snowflake.Redis.UnitTests", "test\NetCorePal.Extensions.Snowflake.Redis.UnitTests\NetCorePal.Extensions.Snowflake.Redis.UnitTests.csproj", "{ED4401A4-0B4B-4FF5-AEF3-55D5700A13FB}"
EndProject
Project("{9A19103F-16F7-4668-BE54-9A1E7A4F7556}") = "NetCorePal.Extensions.Hangfire", "src\Hangfire\NetCorePal.Extensions.Hangfire.csproj", "{664491B2-2001-4D42-8029-4EF4B1CDBEE6}"
EndProject
Project("{9A19103F-16F7-4668-BE54-9A1E7A4F7556}") = "NetCorePal.Extensions.DistributedTransactions.CAP.SqlServer", "src\DistributedTransactions.CAP.SqlServer\NetCorePal.Extensions.DistributedTransactions.CAP.SqlServer.csproj", "{C926EA21-8372-4494-87D2-05F6AF2CA44E}"
EndProject
Project("{9A19103F-16F7-4668-BE54-9A1E7A4F7556}") = "NetCorePal.OpenTelemetry.Diagnostics", "src\NetCorePal.OpenTelemetry.Diagnostics\NetCorePal.OpenTelemetry.Diagnostics.csproj", "{59BB1378-ABEE-4A1E-BF14-7C807F83C8E3}"
EndProject
Project("{FAE04EC0-301F-11D3-BF4B-00C04F79EFBC}") = "NetCorePal.Extensions.Dto", "src\NetCorePal.Extensions.Dto\NetCorePal.Extensions.Dto.csproj", "{02772177-21D1-4CF8-8F13-FBE4F5DE0F22}"
EndProject
Project("{FAE04EC0-301F-11D3-BF4B-00C04F79EFBC}") = "NetCorePal.Extensions.Dto.Tests", "test\NetCorePal.Extensions.Dto.Tests\NetCorePal.Extensions.Dto.Tests.csproj", "{57FCB1FF-0A79-4172-B208-4AD7FC04EF26}"
EndProject
Project("{FAE04EC0-301F-11D3-BF4B-00C04F79EFBC}") = "NetCorePal.Extensions.Primitives.UnitTests", "test\NetCorePal.Extensions.Primitives.UnitTests\NetCorePal.Extensions.Primitives.UnitTests.csproj", "{F4C18BB0-F078-40AA-B09F-F2F4A06C2785}"
EndProject
Project("{FAE04EC0-301F-11D3-BF4B-00C04F79EFBC}") = "NetCorePal.Extensions.Jwt", "src\NetCorePal.Extensions.Jwt\NetCorePal.Extensions.Jwt.csproj", "{48EE68D7-ABAF-49B8-94CB-A6C80EE4FFF7}"
EndProject
Project("{FAE04EC0-301F-11D3-BF4B-00C04F79EFBC}") = "NetCorePal.Extensions.Jwt.UnitTests", "test\NetCorePal.Extensions.Jwt.UnitTests\NetCorePal.Extensions.Jwt.UnitTests.csproj", "{1233E41F-568B-422E-BCD9-06533A6EE231}"
EndProject
Project("{FAE04EC0-301F-11D3-BF4B-00C04F79EFBC}") = "NetCorePal.Extensions.Repository.EntityFrameworkCore.UnitTests", "test\NetCorePal.Extensions.Repository.EntityFrameworkCore.UnitTests\NetCorePal.Extensions.Repository.EntityFrameworkCore.UnitTests.csproj", "{85315B61-FC0D-4FB5-BE4B-F805C0E9FC90}"
EndProject
Project("{FAE04EC0-301F-11D3-BF4B-00C04F79EFBC}") = "NetCorePal.Extensions.Repository.EntityFrameworkCore.Identity.UnitTests", "test\NetCorePal.Extensions.Repository.EntityFrameworkCore.Identity.UnitTests\NetCorePal.Extensions.Repository.EntityFrameworkCore.Identity.UnitTests.csproj", "{5DA401E8-B0F7-4F60-BB20-95CFDEBB6CA5}"
EndProject
Project("{FAE04EC0-301F-11D3-BF4B-00C04F79EFBC}") = "NetCorePal.Extensions.Jwt.StackExchangeRedis", "src\NetCorePal.Extensions.Jwt.StackExchangeRedis\NetCorePal.Extensions.Jwt.StackExchangeRedis.csproj", "{AFE8DF15-394E-41C4-BEEB-A1EBF4605EAD}"
EndProject
Project("{FAE04EC0-301F-11D3-BF4B-00C04F79EFBC}") = "NetCorePal.Extensions.Jwt.StackExchangeRedis.UnitTests", "test\NetCorePal.Extensions.Jwt.StackExchangeRedis.UnitTests\NetCorePal.Extensions.Jwt.StackExchangeRedis.UnitTests.csproj", "{1719614E-EEF5-4075-9675-F41947C6766E}"
EndProject
Global
	GlobalSection(SolutionConfigurationPlatforms) = preSolution
		Debug|Any CPU = Debug|Any CPU
		Release|Any CPU = Release|Any CPU
	EndGlobalSection
	GlobalSection(ProjectConfigurationPlatforms) = postSolution
		{708461A4-B68B-4F90-B18E-79371E4F9AF0}.Debug|Any CPU.ActiveCfg = Debug|Any CPU
		{708461A4-B68B-4F90-B18E-79371E4F9AF0}.Debug|Any CPU.Build.0 = Debug|Any CPU
		{708461A4-B68B-4F90-B18E-79371E4F9AF0}.Release|Any CPU.ActiveCfg = Release|Any CPU
		{708461A4-B68B-4F90-B18E-79371E4F9AF0}.Release|Any CPU.Build.0 = Release|Any CPU
		{307383B8-6ED1-4CD4-9020-E0CC64515676}.Debug|Any CPU.ActiveCfg = Debug|Any CPU
		{307383B8-6ED1-4CD4-9020-E0CC64515676}.Debug|Any CPU.Build.0 = Debug|Any CPU
		{307383B8-6ED1-4CD4-9020-E0CC64515676}.Release|Any CPU.ActiveCfg = Release|Any CPU
		{307383B8-6ED1-4CD4-9020-E0CC64515676}.Release|Any CPU.Build.0 = Release|Any CPU
		{9F29331B-5EE5-4352-995E-21194818AC4D}.Debug|Any CPU.ActiveCfg = Debug|Any CPU
		{9F29331B-5EE5-4352-995E-21194818AC4D}.Debug|Any CPU.Build.0 = Debug|Any CPU
		{9F29331B-5EE5-4352-995E-21194818AC4D}.Release|Any CPU.ActiveCfg = Release|Any CPU
		{9F29331B-5EE5-4352-995E-21194818AC4D}.Release|Any CPU.Build.0 = Release|Any CPU
		{B0FB758C-8A66-4DB8-9759-08905289D828}.Debug|Any CPU.ActiveCfg = Debug|Any CPU
		{B0FB758C-8A66-4DB8-9759-08905289D828}.Debug|Any CPU.Build.0 = Debug|Any CPU
		{B0FB758C-8A66-4DB8-9759-08905289D828}.Release|Any CPU.ActiveCfg = Release|Any CPU
		{B0FB758C-8A66-4DB8-9759-08905289D828}.Release|Any CPU.Build.0 = Release|Any CPU
		{2D4DCB54-4E8A-4788-9444-2B986E686530}.Debug|Any CPU.ActiveCfg = Debug|Any CPU
		{2D4DCB54-4E8A-4788-9444-2B986E686530}.Debug|Any CPU.Build.0 = Debug|Any CPU
		{2D4DCB54-4E8A-4788-9444-2B986E686530}.Release|Any CPU.ActiveCfg = Release|Any CPU
		{2D4DCB54-4E8A-4788-9444-2B986E686530}.Release|Any CPU.Build.0 = Release|Any CPU
		{0CCFB786-9B21-45B6-8396-D568B85CC396}.Debug|Any CPU.ActiveCfg = Debug|Any CPU
		{0CCFB786-9B21-45B6-8396-D568B85CC396}.Debug|Any CPU.Build.0 = Debug|Any CPU
		{0CCFB786-9B21-45B6-8396-D568B85CC396}.Release|Any CPU.ActiveCfg = Release|Any CPU
		{0CCFB786-9B21-45B6-8396-D568B85CC396}.Release|Any CPU.Build.0 = Release|Any CPU
		{21CB3E82-1122-4548-A008-7AF51C824526}.Debug|Any CPU.ActiveCfg = Debug|Any CPU
		{21CB3E82-1122-4548-A008-7AF51C824526}.Debug|Any CPU.Build.0 = Debug|Any CPU
		{21CB3E82-1122-4548-A008-7AF51C824526}.Release|Any CPU.ActiveCfg = Release|Any CPU
		{21CB3E82-1122-4548-A008-7AF51C824526}.Release|Any CPU.Build.0 = Release|Any CPU
		{9B0E7185-BF50-4784-B755-D39D325E5097}.Debug|Any CPU.ActiveCfg = Debug|Any CPU
		{9B0E7185-BF50-4784-B755-D39D325E5097}.Debug|Any CPU.Build.0 = Debug|Any CPU
		{9B0E7185-BF50-4784-B755-D39D325E5097}.Release|Any CPU.ActiveCfg = Release|Any CPU
		{9B0E7185-BF50-4784-B755-D39D325E5097}.Release|Any CPU.Build.0 = Release|Any CPU
		{C9F403E5-5A2A-4DE7-AB66-D328BDAC98EC}.Debug|Any CPU.ActiveCfg = Debug|Any CPU
		{C9F403E5-5A2A-4DE7-AB66-D328BDAC98EC}.Debug|Any CPU.Build.0 = Debug|Any CPU
		{C9F403E5-5A2A-4DE7-AB66-D328BDAC98EC}.Release|Any CPU.ActiveCfg = Release|Any CPU
		{C9F403E5-5A2A-4DE7-AB66-D328BDAC98EC}.Release|Any CPU.Build.0 = Release|Any CPU
		{796D53CC-E0C4-4BB0-B49D-9C90F50CF6ED}.Debug|Any CPU.ActiveCfg = Debug|Any CPU
		{796D53CC-E0C4-4BB0-B49D-9C90F50CF6ED}.Debug|Any CPU.Build.0 = Debug|Any CPU
		{796D53CC-E0C4-4BB0-B49D-9C90F50CF6ED}.Release|Any CPU.ActiveCfg = Release|Any CPU
		{796D53CC-E0C4-4BB0-B49D-9C90F50CF6ED}.Release|Any CPU.Build.0 = Release|Any CPU
		{52DFC553-6E8D-4A92-8484-E0F06DE9C7C7}.Debug|Any CPU.ActiveCfg = Debug|Any CPU
		{52DFC553-6E8D-4A92-8484-E0F06DE9C7C7}.Debug|Any CPU.Build.0 = Debug|Any CPU
		{52DFC553-6E8D-4A92-8484-E0F06DE9C7C7}.Release|Any CPU.ActiveCfg = Release|Any CPU
		{52DFC553-6E8D-4A92-8484-E0F06DE9C7C7}.Release|Any CPU.Build.0 = Release|Any CPU
		{89998F97-065C-4881-88E0-E60366642B52}.Debug|Any CPU.ActiveCfg = Debug|Any CPU
		{89998F97-065C-4881-88E0-E60366642B52}.Debug|Any CPU.Build.0 = Debug|Any CPU
		{89998F97-065C-4881-88E0-E60366642B52}.Release|Any CPU.ActiveCfg = Release|Any CPU
		{89998F97-065C-4881-88E0-E60366642B52}.Release|Any CPU.Build.0 = Release|Any CPU
		{EE83D9C6-E32A-4D23-8B7D-0F71FBA00710}.Debug|Any CPU.ActiveCfg = Debug|Any CPU
		{EE83D9C6-E32A-4D23-8B7D-0F71FBA00710}.Debug|Any CPU.Build.0 = Debug|Any CPU
		{EE83D9C6-E32A-4D23-8B7D-0F71FBA00710}.Release|Any CPU.ActiveCfg = Release|Any CPU
		{EE83D9C6-E32A-4D23-8B7D-0F71FBA00710}.Release|Any CPU.Build.0 = Release|Any CPU
		{A36FC72F-518C-47F2-B792-2A6D6BEA1C17}.Debug|Any CPU.ActiveCfg = Debug|Any CPU
		{A36FC72F-518C-47F2-B792-2A6D6BEA1C17}.Debug|Any CPU.Build.0 = Debug|Any CPU
		{A36FC72F-518C-47F2-B792-2A6D6BEA1C17}.Release|Any CPU.ActiveCfg = Release|Any CPU
		{A36FC72F-518C-47F2-B792-2A6D6BEA1C17}.Release|Any CPU.Build.0 = Release|Any CPU
		{2E492705-68E8-4FC1-B43E-D7A964873147}.Debug|Any CPU.ActiveCfg = Debug|Any CPU
		{2E492705-68E8-4FC1-B43E-D7A964873147}.Debug|Any CPU.Build.0 = Debug|Any CPU
		{2E492705-68E8-4FC1-B43E-D7A964873147}.Release|Any CPU.ActiveCfg = Release|Any CPU
		{2E492705-68E8-4FC1-B43E-D7A964873147}.Release|Any CPU.Build.0 = Release|Any CPU
		{C8928510-01E9-4C1C-9F49-39F8C0005051}.Debug|Any CPU.ActiveCfg = Debug|Any CPU
		{C8928510-01E9-4C1C-9F49-39F8C0005051}.Debug|Any CPU.Build.0 = Debug|Any CPU
		{C8928510-01E9-4C1C-9F49-39F8C0005051}.Release|Any CPU.ActiveCfg = Release|Any CPU
		{C8928510-01E9-4C1C-9F49-39F8C0005051}.Release|Any CPU.Build.0 = Release|Any CPU
		{42F1DD5F-0EF6-4E71-943E-33D203C713DE}.Debug|Any CPU.ActiveCfg = Debug|Any CPU
		{42F1DD5F-0EF6-4E71-943E-33D203C713DE}.Debug|Any CPU.Build.0 = Debug|Any CPU
		{42F1DD5F-0EF6-4E71-943E-33D203C713DE}.Release|Any CPU.ActiveCfg = Release|Any CPU
		{42F1DD5F-0EF6-4E71-943E-33D203C713DE}.Release|Any CPU.Build.0 = Release|Any CPU
		{1ACDB12A-D377-4375-AD69-517A2BB261EA}.Debug|Any CPU.ActiveCfg = Debug|Any CPU
		{1ACDB12A-D377-4375-AD69-517A2BB261EA}.Debug|Any CPU.Build.0 = Debug|Any CPU
		{1ACDB12A-D377-4375-AD69-517A2BB261EA}.Release|Any CPU.ActiveCfg = Release|Any CPU
		{1ACDB12A-D377-4375-AD69-517A2BB261EA}.Release|Any CPU.Build.0 = Release|Any CPU
		{676FF676-7F9E-41D1-9F15-CBEB00A43D77}.Debug|Any CPU.ActiveCfg = Debug|Any CPU
		{676FF676-7F9E-41D1-9F15-CBEB00A43D77}.Debug|Any CPU.Build.0 = Debug|Any CPU
		{676FF676-7F9E-41D1-9F15-CBEB00A43D77}.Release|Any CPU.ActiveCfg = Release|Any CPU
		{676FF676-7F9E-41D1-9F15-CBEB00A43D77}.Release|Any CPU.Build.0 = Release|Any CPU
		{CC3737A2-0E67-41D8-BDC7-3F7DE98EE1D0}.Debug|Any CPU.ActiveCfg = Debug|Any CPU
		{CC3737A2-0E67-41D8-BDC7-3F7DE98EE1D0}.Debug|Any CPU.Build.0 = Debug|Any CPU
		{CC3737A2-0E67-41D8-BDC7-3F7DE98EE1D0}.Release|Any CPU.ActiveCfg = Release|Any CPU
		{CC3737A2-0E67-41D8-BDC7-3F7DE98EE1D0}.Release|Any CPU.Build.0 = Release|Any CPU
		{7A4ABD64-8D4C-4A19-9F0F-EC15B27E6286}.Debug|Any CPU.ActiveCfg = Debug|Any CPU
		{7A4ABD64-8D4C-4A19-9F0F-EC15B27E6286}.Debug|Any CPU.Build.0 = Debug|Any CPU
		{7A4ABD64-8D4C-4A19-9F0F-EC15B27E6286}.Release|Any CPU.ActiveCfg = Release|Any CPU
		{7A4ABD64-8D4C-4A19-9F0F-EC15B27E6286}.Release|Any CPU.Build.0 = Release|Any CPU
		{2FDB8D38-64C0-47F5-857A-79F589E266C9}.Debug|Any CPU.ActiveCfg = Debug|Any CPU
		{2FDB8D38-64C0-47F5-857A-79F589E266C9}.Debug|Any CPU.Build.0 = Debug|Any CPU
		{2FDB8D38-64C0-47F5-857A-79F589E266C9}.Release|Any CPU.ActiveCfg = Release|Any CPU
		{2FDB8D38-64C0-47F5-857A-79F589E266C9}.Release|Any CPU.Build.0 = Release|Any CPU
		{6409206D-2C31-4216-8FE6-A578A4571215}.Debug|Any CPU.ActiveCfg = Debug|Any CPU
		{6409206D-2C31-4216-8FE6-A578A4571215}.Debug|Any CPU.Build.0 = Debug|Any CPU
		{6409206D-2C31-4216-8FE6-A578A4571215}.Release|Any CPU.ActiveCfg = Release|Any CPU
		{6409206D-2C31-4216-8FE6-A578A4571215}.Release|Any CPU.Build.0 = Release|Any CPU
		{AB3351B3-2765-4ECA-AED3-46E7FF68A447}.Debug|Any CPU.ActiveCfg = Debug|Any CPU
		{AB3351B3-2765-4ECA-AED3-46E7FF68A447}.Debug|Any CPU.Build.0 = Debug|Any CPU
		{AB3351B3-2765-4ECA-AED3-46E7FF68A447}.Release|Any CPU.ActiveCfg = Release|Any CPU
		{AB3351B3-2765-4ECA-AED3-46E7FF68A447}.Release|Any CPU.Build.0 = Release|Any CPU
		{2F247CBB-07E2-4AAD-98DD-7654E3B31E3D}.Debug|Any CPU.ActiveCfg = Debug|Any CPU
		{2F247CBB-07E2-4AAD-98DD-7654E3B31E3D}.Debug|Any CPU.Build.0 = Debug|Any CPU
		{2F247CBB-07E2-4AAD-98DD-7654E3B31E3D}.Release|Any CPU.ActiveCfg = Release|Any CPU
		{2F247CBB-07E2-4AAD-98DD-7654E3B31E3D}.Release|Any CPU.Build.0 = Release|Any CPU
		{44AADC99-4B4D-4399-A94E-44749C7F4EEF}.Debug|Any CPU.ActiveCfg = Debug|Any CPU
		{44AADC99-4B4D-4399-A94E-44749C7F4EEF}.Debug|Any CPU.Build.0 = Debug|Any CPU
		{44AADC99-4B4D-4399-A94E-44749C7F4EEF}.Release|Any CPU.ActiveCfg = Release|Any CPU
		{44AADC99-4B4D-4399-A94E-44749C7F4EEF}.Release|Any CPU.Build.0 = Release|Any CPU
		{A127060F-4BEB-4703-9E63-1B010A732C3A}.Debug|Any CPU.ActiveCfg = Debug|Any CPU
		{A127060F-4BEB-4703-9E63-1B010A732C3A}.Debug|Any CPU.Build.0 = Debug|Any CPU
		{A127060F-4BEB-4703-9E63-1B010A732C3A}.Release|Any CPU.ActiveCfg = Release|Any CPU
		{A127060F-4BEB-4703-9E63-1B010A732C3A}.Release|Any CPU.Build.0 = Release|Any CPU
		{4F697417-D2B4-45DE-B89C-CA1BA9DC4E2B}.Debug|Any CPU.ActiveCfg = Debug|Any CPU
		{4F697417-D2B4-45DE-B89C-CA1BA9DC4E2B}.Debug|Any CPU.Build.0 = Debug|Any CPU
		{4F697417-D2B4-45DE-B89C-CA1BA9DC4E2B}.Release|Any CPU.ActiveCfg = Release|Any CPU
		{4F697417-D2B4-45DE-B89C-CA1BA9DC4E2B}.Release|Any CPU.Build.0 = Release|Any CPU
		{FE04352E-B7E1-4EEF-80AA-0F19AFA46564}.Debug|Any CPU.ActiveCfg = Debug|Any CPU
		{FE04352E-B7E1-4EEF-80AA-0F19AFA46564}.Debug|Any CPU.Build.0 = Debug|Any CPU
		{FE04352E-B7E1-4EEF-80AA-0F19AFA46564}.Release|Any CPU.ActiveCfg = Release|Any CPU
		{FE04352E-B7E1-4EEF-80AA-0F19AFA46564}.Release|Any CPU.Build.0 = Release|Any CPU
		{55E4EA11-24E9-405B-8081-3E9D54D37A54}.Debug|Any CPU.ActiveCfg = Debug|Any CPU
		{55E4EA11-24E9-405B-8081-3E9D54D37A54}.Debug|Any CPU.Build.0 = Debug|Any CPU
		{55E4EA11-24E9-405B-8081-3E9D54D37A54}.Release|Any CPU.ActiveCfg = Release|Any CPU
		{55E4EA11-24E9-405B-8081-3E9D54D37A54}.Release|Any CPU.Build.0 = Release|Any CPU
		{01B25A8D-1A79-4B9C-BD4B-105526F07682}.Debug|Any CPU.ActiveCfg = Debug|Any CPU
		{01B25A8D-1A79-4B9C-BD4B-105526F07682}.Debug|Any CPU.Build.0 = Debug|Any CPU
		{01B25A8D-1A79-4B9C-BD4B-105526F07682}.Release|Any CPU.ActiveCfg = Release|Any CPU
		{01B25A8D-1A79-4B9C-BD4B-105526F07682}.Release|Any CPU.Build.0 = Release|Any CPU
		{E5DC8CA6-66A9-4CEA-AC6C-06B10A58BB22}.Debug|Any CPU.ActiveCfg = Debug|Any CPU
		{E5DC8CA6-66A9-4CEA-AC6C-06B10A58BB22}.Debug|Any CPU.Build.0 = Debug|Any CPU
		{E5DC8CA6-66A9-4CEA-AC6C-06B10A58BB22}.Release|Any CPU.ActiveCfg = Release|Any CPU
		{E5DC8CA6-66A9-4CEA-AC6C-06B10A58BB22}.Release|Any CPU.Build.0 = Release|Any CPU
		{F49388F1-550E-4723-B57C-48A05CF2296A}.Debug|Any CPU.ActiveCfg = Debug|Any CPU
		{F49388F1-550E-4723-B57C-48A05CF2296A}.Debug|Any CPU.Build.0 = Debug|Any CPU
		{F49388F1-550E-4723-B57C-48A05CF2296A}.Release|Any CPU.ActiveCfg = Release|Any CPU
		{F49388F1-550E-4723-B57C-48A05CF2296A}.Release|Any CPU.Build.0 = Release|Any CPU
		{103B3995-2BBE-4B0B-99BB-2FB893C740C5}.Debug|Any CPU.ActiveCfg = Debug|Any CPU
		{103B3995-2BBE-4B0B-99BB-2FB893C740C5}.Debug|Any CPU.Build.0 = Debug|Any CPU
		{103B3995-2BBE-4B0B-99BB-2FB893C740C5}.Release|Any CPU.ActiveCfg = Release|Any CPU
		{103B3995-2BBE-4B0B-99BB-2FB893C740C5}.Release|Any CPU.Build.0 = Release|Any CPU
		{CD5644EF-3161-4782-ACA2-FB7C7B390B72}.Debug|Any CPU.ActiveCfg = Debug|Any CPU
		{CD5644EF-3161-4782-ACA2-FB7C7B390B72}.Debug|Any CPU.Build.0 = Debug|Any CPU
		{CD5644EF-3161-4782-ACA2-FB7C7B390B72}.Release|Any CPU.ActiveCfg = Release|Any CPU
		{CD5644EF-3161-4782-ACA2-FB7C7B390B72}.Release|Any CPU.Build.0 = Release|Any CPU
		{4C082F87-DF2D-4900-9CFE-21D3E31D3FFE}.Debug|Any CPU.ActiveCfg = Debug|Any CPU
		{4C082F87-DF2D-4900-9CFE-21D3E31D3FFE}.Debug|Any CPU.Build.0 = Debug|Any CPU
		{4C082F87-DF2D-4900-9CFE-21D3E31D3FFE}.Release|Any CPU.ActiveCfg = Release|Any CPU
		{4C082F87-DF2D-4900-9CFE-21D3E31D3FFE}.Release|Any CPU.Build.0 = Release|Any CPU
		{B3FC2F02-DA8A-4F04-BD3F-CFBC4DEF6AB6}.Debug|Any CPU.ActiveCfg = Debug|Any CPU
		{B3FC2F02-DA8A-4F04-BD3F-CFBC4DEF6AB6}.Debug|Any CPU.Build.0 = Debug|Any CPU
		{B3FC2F02-DA8A-4F04-BD3F-CFBC4DEF6AB6}.Release|Any CPU.ActiveCfg = Release|Any CPU
		{B3FC2F02-DA8A-4F04-BD3F-CFBC4DEF6AB6}.Release|Any CPU.Build.0 = Release|Any CPU
		{9F85B529-3052-4411-AA6B-5D41B3F20137}.Debug|Any CPU.ActiveCfg = Debug|Any CPU
		{9F85B529-3052-4411-AA6B-5D41B3F20137}.Debug|Any CPU.Build.0 = Debug|Any CPU
		{9F85B529-3052-4411-AA6B-5D41B3F20137}.Release|Any CPU.ActiveCfg = Release|Any CPU
		{9F85B529-3052-4411-AA6B-5D41B3F20137}.Release|Any CPU.Build.0 = Release|Any CPU
		{694F90EF-B149-4A2B-A4A1-F47279E291A3}.Debug|Any CPU.ActiveCfg = Debug|Any CPU
		{694F90EF-B149-4A2B-A4A1-F47279E291A3}.Debug|Any CPU.Build.0 = Debug|Any CPU
		{694F90EF-B149-4A2B-A4A1-F47279E291A3}.Release|Any CPU.ActiveCfg = Release|Any CPU
		{694F90EF-B149-4A2B-A4A1-F47279E291A3}.Release|Any CPU.Build.0 = Release|Any CPU
		{C4CBFDFF-8ECC-4E6B-B68B-9896770C7903}.Debug|Any CPU.ActiveCfg = Debug|Any CPU
		{C4CBFDFF-8ECC-4E6B-B68B-9896770C7903}.Debug|Any CPU.Build.0 = Debug|Any CPU
		{C4CBFDFF-8ECC-4E6B-B68B-9896770C7903}.Release|Any CPU.ActiveCfg = Release|Any CPU
		{C4CBFDFF-8ECC-4E6B-B68B-9896770C7903}.Release|Any CPU.Build.0 = Release|Any CPU
		{C8612E52-2943-465B-A725-1337F45ED507}.Debug|Any CPU.ActiveCfg = Debug|Any CPU
		{C8612E52-2943-465B-A725-1337F45ED507}.Debug|Any CPU.Build.0 = Debug|Any CPU
		{C8612E52-2943-465B-A725-1337F45ED507}.Release|Any CPU.ActiveCfg = Release|Any CPU
		{C8612E52-2943-465B-A725-1337F45ED507}.Release|Any CPU.Build.0 = Release|Any CPU
		{ABD2CD15-0955-4F14-9735-73E656C4FEDC}.Debug|Any CPU.ActiveCfg = Debug|Any CPU
		{ABD2CD15-0955-4F14-9735-73E656C4FEDC}.Debug|Any CPU.Build.0 = Debug|Any CPU
		{ABD2CD15-0955-4F14-9735-73E656C4FEDC}.Release|Any CPU.ActiveCfg = Release|Any CPU
		{ABD2CD15-0955-4F14-9735-73E656C4FEDC}.Release|Any CPU.Build.0 = Release|Any CPU
		{7BA698FA-5B2B-4C9D-A6F8-ECCBF8D49869}.Debug|Any CPU.ActiveCfg = Debug|Any CPU
		{7BA698FA-5B2B-4C9D-A6F8-ECCBF8D49869}.Debug|Any CPU.Build.0 = Debug|Any CPU
		{7BA698FA-5B2B-4C9D-A6F8-ECCBF8D49869}.Release|Any CPU.ActiveCfg = Release|Any CPU
		{7BA698FA-5B2B-4C9D-A6F8-ECCBF8D49869}.Release|Any CPU.Build.0 = Release|Any CPU
		{0A5543FA-4C70-4A95-AD83-FEED18A00563}.Debug|Any CPU.ActiveCfg = Debug|Any CPU
		{0A5543FA-4C70-4A95-AD83-FEED18A00563}.Debug|Any CPU.Build.0 = Debug|Any CPU
		{0A5543FA-4C70-4A95-AD83-FEED18A00563}.Release|Any CPU.ActiveCfg = Release|Any CPU
		{0A5543FA-4C70-4A95-AD83-FEED18A00563}.Release|Any CPU.Build.0 = Release|Any CPU
		{EF1C82DE-D48B-4FD3-BF02-7469E9E5A0E2}.Debug|Any CPU.ActiveCfg = Debug|Any CPU
		{EF1C82DE-D48B-4FD3-BF02-7469E9E5A0E2}.Debug|Any CPU.Build.0 = Debug|Any CPU
		{EF1C82DE-D48B-4FD3-BF02-7469E9E5A0E2}.Release|Any CPU.ActiveCfg = Release|Any CPU
		{EF1C82DE-D48B-4FD3-BF02-7469E9E5A0E2}.Release|Any CPU.Build.0 = Release|Any CPU
		{FA85B2AD-3891-4F9A-ACB5-545E1DC07519}.Debug|Any CPU.ActiveCfg = Debug|Any CPU
		{FA85B2AD-3891-4F9A-ACB5-545E1DC07519}.Debug|Any CPU.Build.0 = Debug|Any CPU
		{FA85B2AD-3891-4F9A-ACB5-545E1DC07519}.Release|Any CPU.ActiveCfg = Release|Any CPU
		{FA85B2AD-3891-4F9A-ACB5-545E1DC07519}.Release|Any CPU.Build.0 = Release|Any CPU
		{ED4401A4-0B4B-4FF5-AEF3-55D5700A13FB}.Debug|Any CPU.ActiveCfg = Debug|Any CPU
		{ED4401A4-0B4B-4FF5-AEF3-55D5700A13FB}.Debug|Any CPU.Build.0 = Debug|Any CPU
		{ED4401A4-0B4B-4FF5-AEF3-55D5700A13FB}.Release|Any CPU.ActiveCfg = Release|Any CPU
		{ED4401A4-0B4B-4FF5-AEF3-55D5700A13FB}.Release|Any CPU.Build.0 = Release|Any CPU
		{664491B2-2001-4D42-8029-4EF4B1CDBEE6}.Debug|Any CPU.ActiveCfg = Debug|Any CPU
		{664491B2-2001-4D42-8029-4EF4B1CDBEE6}.Debug|Any CPU.Build.0 = Debug|Any CPU
		{664491B2-2001-4D42-8029-4EF4B1CDBEE6}.Release|Any CPU.ActiveCfg = Release|Any CPU
		{664491B2-2001-4D42-8029-4EF4B1CDBEE6}.Release|Any CPU.Build.0 = Release|Any CPU
		{C926EA21-8372-4494-87D2-05F6AF2CA44E}.Debug|Any CPU.ActiveCfg = Debug|Any CPU
		{C926EA21-8372-4494-87D2-05F6AF2CA44E}.Debug|Any CPU.Build.0 = Debug|Any CPU
		{C926EA21-8372-4494-87D2-05F6AF2CA44E}.Release|Any CPU.ActiveCfg = Release|Any CPU
		{C926EA21-8372-4494-87D2-05F6AF2CA44E}.Release|Any CPU.Build.0 = Release|Any CPU
		{59BB1378-ABEE-4A1E-BF14-7C807F83C8E3}.Debug|Any CPU.ActiveCfg = Debug|Any CPU
		{59BB1378-ABEE-4A1E-BF14-7C807F83C8E3}.Debug|Any CPU.Build.0 = Debug|Any CPU
		{59BB1378-ABEE-4A1E-BF14-7C807F83C8E3}.Release|Any CPU.ActiveCfg = Release|Any CPU
		{59BB1378-ABEE-4A1E-BF14-7C807F83C8E3}.Release|Any CPU.Build.0 = Release|Any CPU
		{02772177-21D1-4CF8-8F13-FBE4F5DE0F22}.Debug|Any CPU.ActiveCfg = Debug|Any CPU
		{02772177-21D1-4CF8-8F13-FBE4F5DE0F22}.Debug|Any CPU.Build.0 = Debug|Any CPU
		{02772177-21D1-4CF8-8F13-FBE4F5DE0F22}.Release|Any CPU.ActiveCfg = Release|Any CPU
		{02772177-21D1-4CF8-8F13-FBE4F5DE0F22}.Release|Any CPU.Build.0 = Release|Any CPU
		{57FCB1FF-0A79-4172-B208-4AD7FC04EF26}.Debug|Any CPU.ActiveCfg = Debug|Any CPU
		{57FCB1FF-0A79-4172-B208-4AD7FC04EF26}.Debug|Any CPU.Build.0 = Debug|Any CPU
		{57FCB1FF-0A79-4172-B208-4AD7FC04EF26}.Release|Any CPU.ActiveCfg = Release|Any CPU
		{57FCB1FF-0A79-4172-B208-4AD7FC04EF26}.Release|Any CPU.Build.0 = Release|Any CPU
		{F4C18BB0-F078-40AA-B09F-F2F4A06C2785}.Debug|Any CPU.ActiveCfg = Debug|Any CPU
		{F4C18BB0-F078-40AA-B09F-F2F4A06C2785}.Debug|Any CPU.Build.0 = Debug|Any CPU
		{F4C18BB0-F078-40AA-B09F-F2F4A06C2785}.Release|Any CPU.ActiveCfg = Release|Any CPU
		{F4C18BB0-F078-40AA-B09F-F2F4A06C2785}.Release|Any CPU.Build.0 = Release|Any CPU
		{48EE68D7-ABAF-49B8-94CB-A6C80EE4FFF7}.Debug|Any CPU.ActiveCfg = Debug|Any CPU
		{48EE68D7-ABAF-49B8-94CB-A6C80EE4FFF7}.Debug|Any CPU.Build.0 = Debug|Any CPU
		{48EE68D7-ABAF-49B8-94CB-A6C80EE4FFF7}.Release|Any CPU.ActiveCfg = Release|Any CPU
		{48EE68D7-ABAF-49B8-94CB-A6C80EE4FFF7}.Release|Any CPU.Build.0 = Release|Any CPU
		{1233E41F-568B-422E-BCD9-06533A6EE231}.Debug|Any CPU.ActiveCfg = Debug|Any CPU
		{1233E41F-568B-422E-BCD9-06533A6EE231}.Debug|Any CPU.Build.0 = Debug|Any CPU
		{1233E41F-568B-422E-BCD9-06533A6EE231}.Release|Any CPU.ActiveCfg = Release|Any CPU
		{1233E41F-568B-422E-BCD9-06533A6EE231}.Release|Any CPU.Build.0 = Release|Any CPU
		{85315B61-FC0D-4FB5-BE4B-F805C0E9FC90}.Debug|Any CPU.ActiveCfg = Debug|Any CPU
		{85315B61-FC0D-4FB5-BE4B-F805C0E9FC90}.Debug|Any CPU.Build.0 = Debug|Any CPU
		{85315B61-FC0D-4FB5-BE4B-F805C0E9FC90}.Release|Any CPU.ActiveCfg = Release|Any CPU
		{85315B61-FC0D-4FB5-BE4B-F805C0E9FC90}.Release|Any CPU.Build.0 = Release|Any CPU
		{5DA401E8-B0F7-4F60-BB20-95CFDEBB6CA5}.Debug|Any CPU.ActiveCfg = Debug|Any CPU
		{5DA401E8-B0F7-4F60-BB20-95CFDEBB6CA5}.Debug|Any CPU.Build.0 = Debug|Any CPU
		{5DA401E8-B0F7-4F60-BB20-95CFDEBB6CA5}.Release|Any CPU.ActiveCfg = Release|Any CPU
		{5DA401E8-B0F7-4F60-BB20-95CFDEBB6CA5}.Release|Any CPU.Build.0 = Release|Any CPU
		{AFE8DF15-394E-41C4-BEEB-A1EBF4605EAD}.Debug|Any CPU.ActiveCfg = Debug|Any CPU
		{AFE8DF15-394E-41C4-BEEB-A1EBF4605EAD}.Debug|Any CPU.Build.0 = Debug|Any CPU
		{AFE8DF15-394E-41C4-BEEB-A1EBF4605EAD}.Release|Any CPU.ActiveCfg = Release|Any CPU
		{AFE8DF15-394E-41C4-BEEB-A1EBF4605EAD}.Release|Any CPU.Build.0 = Release|Any CPU
		{1719614E-EEF5-4075-9675-F41947C6766E}.Debug|Any CPU.ActiveCfg = Debug|Any CPU
		{1719614E-EEF5-4075-9675-F41947C6766E}.Debug|Any CPU.Build.0 = Debug|Any CPU
		{1719614E-EEF5-4075-9675-F41947C6766E}.Release|Any CPU.ActiveCfg = Release|Any CPU
		{1719614E-EEF5-4075-9675-F41947C6766E}.Release|Any CPU.Build.0 = Release|Any CPU
	EndGlobalSection
	GlobalSection(SolutionProperties) = preSolution
		HideSolutionNode = FALSE
	EndGlobalSection
	GlobalSection(NestedProjects) = preSolution
		{708461A4-B68B-4F90-B18E-79371E4F9AF0} = {E489AB62-2255-406A-B44D-E57E746074FC}
		{307383B8-6ED1-4CD4-9020-E0CC64515676} = {E489AB62-2255-406A-B44D-E57E746074FC}
		{9F29331B-5EE5-4352-995E-21194818AC4D} = {605436C1-2560-47BA-99D4-7A80B628230F}
		{B0FB758C-8A66-4DB8-9759-08905289D828} = {605436C1-2560-47BA-99D4-7A80B628230F}
		{2D4DCB54-4E8A-4788-9444-2B986E686530} = {EC28FBCE-00AD-49CA-A766-B39C40856820}
		{0CCFB786-9B21-45B6-8396-D568B85CC396} = {EC28FBCE-00AD-49CA-A766-B39C40856820}
		{21CB3E82-1122-4548-A008-7AF51C824526} = {EC28FBCE-00AD-49CA-A766-B39C40856820}
		{EC28FBCE-00AD-49CA-A766-B39C40856820} = {605436C1-2560-47BA-99D4-7A80B628230F}
		{E489AB62-2255-406A-B44D-E57E746074FC} = {605436C1-2560-47BA-99D4-7A80B628230F}
		{9B0CA588-CC03-4B95-A204-4DCC71B1DB1F} = {605436C1-2560-47BA-99D4-7A80B628230F}
		{9B0E7185-BF50-4784-B755-D39D325E5097} = {9B0CA588-CC03-4B95-A204-4DCC71B1DB1F}
		{C9F403E5-5A2A-4DE7-AB66-D328BDAC98EC} = {9B0CA588-CC03-4B95-A204-4DCC71B1DB1F}
		{518B90D3-B430-464C-9BE1-4FC83365B94B} = {605436C1-2560-47BA-99D4-7A80B628230F}
		{796D53CC-E0C4-4BB0-B49D-9C90F50CF6ED} = {518B90D3-B430-464C-9BE1-4FC83365B94B}
		{52DFC553-6E8D-4A92-8484-E0F06DE9C7C7} = {518B90D3-B430-464C-9BE1-4FC83365B94B}
		{89998F97-065C-4881-88E0-E60366642B52} = {DB5A8331-2B57-4F2B-8F7D-02E167BCD8BB}
		{EE83D9C6-E32A-4D23-8B7D-0F71FBA00710} = {605436C1-2560-47BA-99D4-7A80B628230F}
		{A36FC72F-518C-47F2-B792-2A6D6BEA1C17} = {DB5A8331-2B57-4F2B-8F7D-02E167BCD8BB}
		{2E492705-68E8-4FC1-B43E-D7A964873147} = {EC28FBCE-00AD-49CA-A766-B39C40856820}
		{C8928510-01E9-4C1C-9F49-39F8C0005051} = {DB5A8331-2B57-4F2B-8F7D-02E167BCD8BB}
		{42F1DD5F-0EF6-4E71-943E-33D203C713DE} = {EC28FBCE-00AD-49CA-A766-B39C40856820}
		{1ACDB12A-D377-4375-AD69-517A2BB261EA} = {DB5A8331-2B57-4F2B-8F7D-02E167BCD8BB}
		{12EE5383-F550-4070-9362-B5C1000D3DF3} = {605436C1-2560-47BA-99D4-7A80B628230F}
		{676FF676-7F9E-41D1-9F15-CBEB00A43D77} = {12EE5383-F550-4070-9362-B5C1000D3DF3}
		{CC3737A2-0E67-41D8-BDC7-3F7DE98EE1D0} = {12EE5383-F550-4070-9362-B5C1000D3DF3}
		{7A4ABD64-8D4C-4A19-9F0F-EC15B27E6286} = {12EE5383-F550-4070-9362-B5C1000D3DF3}
		{2FDB8D38-64C0-47F5-857A-79F589E266C9} = {12EE5383-F550-4070-9362-B5C1000D3DF3}
		{6409206D-2C31-4216-8FE6-A578A4571215} = {12EE5383-F550-4070-9362-B5C1000D3DF3}
		{AB3351B3-2765-4ECA-AED3-46E7FF68A447} = {DB5A8331-2B57-4F2B-8F7D-02E167BCD8BB}
		{2F247CBB-07E2-4AAD-98DD-7654E3B31E3D} = {DB5A8331-2B57-4F2B-8F7D-02E167BCD8BB}
		{44AADC99-4B4D-4399-A94E-44749C7F4EEF} = {DB5A8331-2B57-4F2B-8F7D-02E167BCD8BB}
		{A127060F-4BEB-4703-9E63-1B010A732C3A} = {9B0CA588-CC03-4B95-A204-4DCC71B1DB1F}
		{4F697417-D2B4-45DE-B89C-CA1BA9DC4E2B} = {DB5A8331-2B57-4F2B-8F7D-02E167BCD8BB}
		{FE04352E-B7E1-4EEF-80AA-0F19AFA46564} = {605436C1-2560-47BA-99D4-7A80B628230F}
		{55E4EA11-24E9-405B-8081-3E9D54D37A54} = {DB5A8331-2B57-4F2B-8F7D-02E167BCD8BB}
		{01B25A8D-1A79-4B9C-BD4B-105526F07682} = {EC28FBCE-00AD-49CA-A766-B39C40856820}
		{E5DC8CA6-66A9-4CEA-AC6C-06B10A58BB22} = {9B0CA588-CC03-4B95-A204-4DCC71B1DB1F}
		{F49388F1-550E-4723-B57C-48A05CF2296A} = {605436C1-2560-47BA-99D4-7A80B628230F}
		{103B3995-2BBE-4B0B-99BB-2FB893C740C5} = {EC28FBCE-00AD-49CA-A766-B39C40856820}
		{CD5644EF-3161-4782-ACA2-FB7C7B390B72} = {DB5A8331-2B57-4F2B-8F7D-02E167BCD8BB}
		{4C082F87-DF2D-4900-9CFE-21D3E31D3FFE} = {518B90D3-B430-464C-9BE1-4FC83365B94B}
		{B3FC2F02-DA8A-4F04-BD3F-CFBC4DEF6AB6} = {DB5A8331-2B57-4F2B-8F7D-02E167BCD8BB}
		{9F85B529-3052-4411-AA6B-5D41B3F20137} = {DB5A8331-2B57-4F2B-8F7D-02E167BCD8BB}
		{694F90EF-B149-4A2B-A4A1-F47279E291A3} = {DB5A8331-2B57-4F2B-8F7D-02E167BCD8BB}
		{C4CBFDFF-8ECC-4E6B-B68B-9896770C7903} = {DB5A8331-2B57-4F2B-8F7D-02E167BCD8BB}
		{C8612E52-2943-465B-A725-1337F45ED507} = {605436C1-2560-47BA-99D4-7A80B628230F}
		{ABD2CD15-0955-4F14-9735-73E656C4FEDC} = {605436C1-2560-47BA-99D4-7A80B628230F}
		{7BA698FA-5B2B-4C9D-A6F8-ECCBF8D49869} = {605436C1-2560-47BA-99D4-7A80B628230F}
		{0A5543FA-4C70-4A95-AD83-FEED18A00563} = {605436C1-2560-47BA-99D4-7A80B628230F}
		{EF1C82DE-D48B-4FD3-BF02-7469E9E5A0E2} = {605436C1-2560-47BA-99D4-7A80B628230F}
		{FA85B2AD-3891-4F9A-ACB5-545E1DC07519} = {518B90D3-B430-464C-9BE1-4FC83365B94B}
		{ED4401A4-0B4B-4FF5-AEF3-55D5700A13FB} = {DB5A8331-2B57-4F2B-8F7D-02E167BCD8BB}
		{664491B2-2001-4D42-8029-4EF4B1CDBEE6} = {605436C1-2560-47BA-99D4-7A80B628230F}
		{C926EA21-8372-4494-87D2-05F6AF2CA44E} = {12EE5383-F550-4070-9362-B5C1000D3DF3}
		{59BB1378-ABEE-4A1E-BF14-7C807F83C8E3} = {605436C1-2560-47BA-99D4-7A80B628230F}
		{02772177-21D1-4CF8-8F13-FBE4F5DE0F22} = {605436C1-2560-47BA-99D4-7A80B628230F}
		{57FCB1FF-0A79-4172-B208-4AD7FC04EF26} = {DB5A8331-2B57-4F2B-8F7D-02E167BCD8BB}
		{F4C18BB0-F078-40AA-B09F-F2F4A06C2785} = {DB5A8331-2B57-4F2B-8F7D-02E167BCD8BB}
		{48EE68D7-ABAF-49B8-94CB-A6C80EE4FFF7} = {605436C1-2560-47BA-99D4-7A80B628230F}
		{1233E41F-568B-422E-BCD9-06533A6EE231} = {DB5A8331-2B57-4F2B-8F7D-02E167BCD8BB}
		{85315B61-FC0D-4FB5-BE4B-F805C0E9FC90} = {DB5A8331-2B57-4F2B-8F7D-02E167BCD8BB}
		{5DA401E8-B0F7-4F60-BB20-95CFDEBB6CA5} = {DB5A8331-2B57-4F2B-8F7D-02E167BCD8BB}
		{AFE8DF15-394E-41C4-BEEB-A1EBF4605EAD} = {605436C1-2560-47BA-99D4-7A80B628230F}
	EndGlobalSection
	GlobalSection(ExtensibilityGlobals) = postSolution
		SolutionGuid = {D46201E5-1E3C-47A0-8584-4ACCC135CF9A}
	EndGlobalSection
EndGlobal
