
Microsoft Visual Studio Solution File, Format Version 12.00
# Visual Studio Version 17
VisualStudioVersion = 17.0.31808.319
MinimumVisualStudioVersion = 10.0.40219.1
Project("{2150E333-8FDC-42A3-9474-1A3956D46DE8}") = "src", "src", "{605436C1-2560-47BA-99D4-7A80B628230F}"
EndProject
Project("{2150E333-8FDC-42A3-9474-1A3956D46DE8}") = "test", "test", "{DB5A8331-2B57-4F2B-8F7D-02E167BCD8BB}"
EndProject
Project("{2150E333-8FDC-42A3-9474-1A3956D46DE8}") = "samples", "samples", "{32089C32-94DC-4F8F-BC59-952C2BB5EFFC}"
EndProject
Project("{9A19103F-16F7-4668-BE54-9A1E7A4F7556}") = "ABC.HelloWorld", "samples\ABC.HelloWorld\ABC.HelloWorld.csproj", "{6460D3F0-76A3-4989-B2B6-B08858F8BD15}"
EndProject
Project("{9A19103F-16F7-4668-BE54-9A1E7A4F7556}") = "NetCorePal.Gateway.AspNetCore", "src\AspNetCore.Gateway\NetCorePal.Gateway.AspNetCore.csproj", "{3281E108-1EC8-44F6-A3F7-5F0DCED3B4AF}"
EndProject
Project("{9A19103F-16F7-4668-BE54-9A1E7A4F7556}") = "NetCorePal.ServiceDiscovery.Abstractions", "src\ServiceDiscovery.Abstractions\NetCorePal.ServiceDiscovery.Abstractions.csproj", "{708461A4-B68B-4F90-B18E-79371E4F9AF0}"
EndProject
Project("{9A19103F-16F7-4668-BE54-9A1E7A4F7556}") = "NetCorePal.ServiceDiscovery.K8S", "src\ServiceDiscovery.K8S\NetCorePal.ServiceDiscovery.K8S.csproj", "{307383B8-6ED1-4CD4-9020-E0CC64515676}"
EndProject
Project("{9A19103F-16F7-4668-BE54-9A1E7A4F7556}") = "NetCorePal.ServiceDiscovery", "src\ServiceDiscovery\NetCorePal.ServiceDiscovery.csproj", "{DDA58EA8-8C69-450E-BDF5-8C187D442AA6}"
EndProject
Project("{9A19103F-16F7-4668-BE54-9A1E7A4F7556}") = "NetCorePal.ServiceDiscovery.Service", "src\ServiceDiscovery.Service\NetCorePal.ServiceDiscovery.Service.csproj", "{1D61ADBB-75DA-4A83-B3D2-967CF5DAC36D}"
EndProject
Project("{9A19103F-16F7-4668-BE54-9A1E7A4F7556}") = "NetCorePal.Attributes", "src\Attributes\NetCorePal.Attributes.csproj", "{9F29331B-5EE5-4352-995E-21194818AC4D}"
EndProject
Project("{9A19103F-16F7-4668-BE54-9A1E7A4F7556}") = "NetCorePal.Extensions.EventBus.Abstractions", "src\EventBus.Abstractions\NetCorePal.Extensions.EventBus.Abstractions.csproj", "{E8B6FE17-010F-465E-8E9A-1AF725EE1E01}"
EndProject
Project("{9A19103F-16F7-4668-BE54-9A1E7A4F7556}") = "NetCorePal.Extensions.EventBus.DotNetCoreCAP", "src\EventBus.DotNetCoreCAP\NetCorePal.Extensions.EventBus.DotNetCoreCAP.csproj", "{716DDA88-491A-4F19-95DD-3E8C9D390289}"
EndProject
Project("{9A19103F-16F7-4668-BE54-9A1E7A4F7556}") = "NetCorePal.Extensions.EventBus.MassTransit", "src\EventBus.MassTransit\NetCorePal.Extensions.EventBus.MassTransit.csproj", "{012E4FCE-6772-4A15-985D-4054B89C064C}"
EndProject
Project("{9A19103F-16F7-4668-BE54-9A1E7A4F7556}") = "ABC.Gateway", "samples\ABC.Gateway\ABC.Gateway.csproj", "{C3FD4975-F6F2-4F4A-B7F0-18D024759E16}"
EndProject
Project("{9A19103F-16F7-4668-BE54-9A1E7A4F7556}") = "NetCorePal.Extensions.Primitives", "src\Primitives\NetCorePal.Extensions.Primitives.csproj", "{B0FB758C-8A66-4DB8-9759-08905289D828}"
EndProject
Project("{9A19103F-16F7-4668-BE54-9A1E7A4F7556}") = "NetCorePal.Extensions.Repository.Abstractions", "src\Repository.Abstractions\NetCorePal.Extensions.Repository.Abstractions.csproj", "{2D4DCB54-4E8A-4788-9444-2B986E686530}"
EndProject
Project("{9A19103F-16F7-4668-BE54-9A1E7A4F7556}") = "NetCorePal.Extensions.Domain.Abstractions", "src\Domain.Abstractions\NetCorePal.Extensions.Domain.Abstractions.csproj", "{0CCFB786-9B21-45B6-8396-D568B85CC396}"
EndProject
Project("{9A19103F-16F7-4668-BE54-9A1E7A4F7556}") = "NetCorePal.Extensions.Repository.EntityframeworkCore", "src\Repository.EntityframeworkCore\NetCorePal.Extensions.Repository.EntityframeworkCore.csproj", "{21CB3E82-1122-4548-A008-7AF51C824526}"
EndProject
Project("{2150E333-8FDC-42A3-9474-1A3956D46DE8}") = "Domain", "Domain", "{EC28FBCE-00AD-49CA-A766-B39C40856820}"
EndProject
Project("{2150E333-8FDC-42A3-9474-1A3956D46DE8}") = "ServiceDiscovery", "ServiceDiscovery", "{E489AB62-2255-406A-B44D-E57E746074FC}"
EndProject
Project("{2150E333-8FDC-42A3-9474-1A3956D46DE8}") = "EventBus", "EventBus", "{C5D5CB75-27A8-477A-87D7-A69ED0C5E093}"
EndProject
Project("{2150E333-8FDC-42A3-9474-1A3956D46DE8}") = "Solution Items", "Solution Items", "{BBFF851A-A70C-4DC5-9786-D211FE6633CC}"
	ProjectSection(SolutionItems) = preProject
		Directory.Build.props = Directory.Build.props
		.github\workflows\dotnet.yml = .github\workflows\dotnet.yml
		NuGet.config = NuGet.config
		README.md = README.md
		eng\versions.props = eng\versions.props
	EndProjectSection
EndProject
Project("{2150E333-8FDC-42A3-9474-1A3956D46DE8}") = "Context", "Context", "{9B0CA588-CC03-4B95-A204-4DCC71B1DB1F}"
EndProject
Project("{9A19103F-16F7-4668-BE54-9A1E7A4F7556}") = "NetCorePal.Context.Abstractions", "src\Context.Abstractions\NetCorePal.Context.Abstractions.csproj", "{9B0E7185-BF50-4784-B755-D39D325E5097}"
EndProject
Project("{9A19103F-16F7-4668-BE54-9A1E7A4F7556}") = "NetCorePal.Context.AspNetCore", "src\Context.AspNetCore\NetCorePal.Context.AspNetCore.csproj", "{C9F403E5-5A2A-4DE7-AB66-D328BDAC98EC}"
EndProject
Project("{9A19103F-16F7-4668-BE54-9A1E7A4F7556}") = "NetCorePal.ServiceDiscovery.Eureka", "src\ServiceDiscovery.Eureka\NetCorePal.ServiceDiscovery.Eureka.csproj", "{2EFC23AB-903A-413F-BA4F-F479E0B44BB0}"
EndProject
Project("{9A19103F-16F7-4668-BE54-9A1E7A4F7556}") = "NetCorePal.ServiceDiscovery.Eureka.UnitTests", "test\NetCorePal.ServiceDiscovery.Eureka.UnitTests\NetCorePal.ServiceDiscovery.Eureka.UnitTests.csproj", "{9CE11856-4FA2-4C9B-8C23-D4913E35C761}"
EndProject
Project("{2150E333-8FDC-42A3-9474-1A3956D46DE8}") = "IdGeneration", "IdGeneration", "{518B90D3-B430-464C-9BE1-4FC83365B94B}"
EndProject
Project("{9A19103F-16F7-4668-BE54-9A1E7A4F7556}") = "NetCorePal.Extensions.Snowflake", "src\Snowflake\NetCorePal.Extensions.Snowflake.csproj", "{796D53CC-E0C4-4BB0-B49D-9C90F50CF6ED}"
EndProject
Project("{9A19103F-16F7-4668-BE54-9A1E7A4F7556}") = "NetCorePal.Extensions.Snowflake.EntityFrameworkCore", "src\Snowflake.EntityFrameworkCore\NetCorePal.Extensions.Snowflake.EntityFrameworkCore.csproj", "{814290BE-3340-44AD-8376-BC636378776E}"
EndProject
Project("{9A19103F-16F7-4668-BE54-9A1E7A4F7556}") = "NetCorePal.Extensions.Snowflake.Etcd", "src\Snowflake.Etcd\NetCorePal.Extensions.Snowflake.Etcd.csproj", "{52DFC553-6E8D-4A92-8484-E0F06DE9C7C7}"
EndProject
Project("{9A19103F-16F7-4668-BE54-9A1E7A4F7556}") = "NetCorePal.Extensions.Domain.Abstractions.UnitTests", "test\NetCorePal.Extensions.Domain.Abstractions.UnitTests\NetCorePal.Extensions.Domain.Abstractions.UnitTests.csproj", "{89998F97-065C-4881-88E0-E60366642B52}"
EndProject
Project("{9A19103F-16F7-4668-BE54-9A1E7A4F7556}") = "NetCorePal.Extensions.Mappers", "src\Mappers\NetCorePal.Extensions.Mappers.csproj", "{EE83D9C6-E32A-4D23-8B7D-0F71FBA00710}"
EndProject
Project("{9A19103F-16F7-4668-BE54-9A1E7A4F7556}") = "NetCorePal.Extensions.Mappers.UnitTests", "test\NetCorePal.Extensions.Mappers.UnitTests\NetCorePal.Extensions.Mappers.UnitTests.csproj", "{A36FC72F-518C-47F2-B792-2A6D6BEA1C17}"
EndProject
Project("{9A19103F-16F7-4668-BE54-9A1E7A4F7556}") = "NetCorePal.Extensions.Repository.EntityframeworkCore.CodeGenerators", "src\Repository.EntityframeworkCore.CodeGenerators\NetCorePal.Extensions.Repository.EntityframeworkCore.CodeGenerators.csproj", "{2E492705-68E8-4FC1-B43E-D7A964873147}"
EndProject
Project("{9A19103F-16F7-4668-BE54-9A1E7A4F7556}") = "NetCorePal.ConsoleApp", "test\ConsoleApp\NetCorePal.ConsoleApp.csproj", "{C8928510-01E9-4C1C-9F49-39F8C0005051}"
EndProject
Project("{9A19103F-16F7-4668-BE54-9A1E7A4F7556}") = "NetCorePal.Extensions.Domain.CodeGenerators", "src\Domain.CodeGenerators\NetCorePal.Extensions.Domain.CodeGenerators.csproj", "{42F1DD5F-0EF6-4E71-943E-33D203C713DE}"
EndProject
Project("{2150E333-8FDC-42A3-9474-1A3956D46DE8}") = "解决方案项", "解决方案项", "{C59B7768-0F74-4E27-8386-68BB31AF71D1}"
	ProjectSection(SolutionItems) = preProject
		Directory.Build.props = Directory.Build.props
		global.json = global.json
		NuGet.config = NuGet.config
		README.md = README.md
	EndProjectSection
EndProject
Project("{9A19103F-16F7-4668-BE54-9A1E7A4F7556}") = "NetCorePal.Extensions.EventBus.IntegrationEvents", "src\EventBus.IntegrationEvents\NetCorePal.Extensions.EventBus.IntegrationEvents.csproj", "{60E4C8E3-1635-4224-8E76-5C7BC0C7ADFF}"
EndProject
Project("{9A19103F-16F7-4668-BE54-9A1E7A4F7556}") = "NetCorePal.Extensions.Repository.EntityframeworkCore.MySql", "src\Repository.EntityframeworkCore.MySql\NetCorePal.Extensions.Repository.EntityframeworkCore.MySql.csproj", "{7744BC6B-C26B-4665-A639-9812B8D98CDC}"
EndProject
Project("{9A19103F-16F7-4668-BE54-9A1E7A4F7556}") = "NetCorePal.Extensions.Repository.EntityframeworkCore.PostgreSql", "src\Repository.EntityframeworkCore.PostgreSql\NetCorePal.Extensions.Repository.EntityframeworkCore.PostgreSql.csproj", "{1EC5BD30-8B7C-49B5-AE0B-5774646BA6E6}"
EndProject
Project("{9A19103F-16F7-4668-BE54-9A1E7A4F7556}") = "NetCorePal.Extensions.Repository.EntityframeworkCore.PostgreSql.Tests", "test\NetCorePal.Extensions.Repository.EntityframeworkCore.PostgreSql.Tests\NetCorePal.Extensions.Repository.EntityframeworkCore.PostgreSql.Tests.csproj", "{1ACDB12A-D377-4375-AD69-517A2BB261EA}"
EndProject
Global
	GlobalSection(SolutionConfigurationPlatforms) = preSolution
		Debug|Any CPU = Debug|Any CPU
		Release|Any CPU = Release|Any CPU
	EndGlobalSection
	GlobalSection(ProjectConfigurationPlatforms) = postSolution
		{6460D3F0-76A3-4989-B2B6-B08858F8BD15}.Debug|Any CPU.ActiveCfg = Debug|Any CPU
		{6460D3F0-76A3-4989-B2B6-B08858F8BD15}.Debug|Any CPU.Build.0 = Debug|Any CPU
		{6460D3F0-76A3-4989-B2B6-B08858F8BD15}.Release|Any CPU.ActiveCfg = Release|Any CPU
		{6460D3F0-76A3-4989-B2B6-B08858F8BD15}.Release|Any CPU.Build.0 = Release|Any CPU
		{3281E108-1EC8-44F6-A3F7-5F0DCED3B4AF}.Debug|Any CPU.ActiveCfg = Debug|Any CPU
		{3281E108-1EC8-44F6-A3F7-5F0DCED3B4AF}.Debug|Any CPU.Build.0 = Debug|Any CPU
		{3281E108-1EC8-44F6-A3F7-5F0DCED3B4AF}.Release|Any CPU.ActiveCfg = Release|Any CPU
		{3281E108-1EC8-44F6-A3F7-5F0DCED3B4AF}.Release|Any CPU.Build.0 = Release|Any CPU
		{708461A4-B68B-4F90-B18E-79371E4F9AF0}.Debug|Any CPU.ActiveCfg = Debug|Any CPU
		{708461A4-B68B-4F90-B18E-79371E4F9AF0}.Debug|Any CPU.Build.0 = Debug|Any CPU
		{708461A4-B68B-4F90-B18E-79371E4F9AF0}.Release|Any CPU.ActiveCfg = Release|Any CPU
		{708461A4-B68B-4F90-B18E-79371E4F9AF0}.Release|Any CPU.Build.0 = Release|Any CPU
		{307383B8-6ED1-4CD4-9020-E0CC64515676}.Debug|Any CPU.ActiveCfg = Debug|Any CPU
		{307383B8-6ED1-4CD4-9020-E0CC64515676}.Debug|Any CPU.Build.0 = Debug|Any CPU
		{307383B8-6ED1-4CD4-9020-E0CC64515676}.Release|Any CPU.ActiveCfg = Release|Any CPU
		{307383B8-6ED1-4CD4-9020-E0CC64515676}.Release|Any CPU.Build.0 = Release|Any CPU
		{DDA58EA8-8C69-450E-BDF5-8C187D442AA6}.Debug|Any CPU.ActiveCfg = Debug|Any CPU
		{DDA58EA8-8C69-450E-BDF5-8C187D442AA6}.Debug|Any CPU.Build.0 = Debug|Any CPU
		{DDA58EA8-8C69-450E-BDF5-8C187D442AA6}.Release|Any CPU.ActiveCfg = Release|Any CPU
		{DDA58EA8-8C69-450E-BDF5-8C187D442AA6}.Release|Any CPU.Build.0 = Release|Any CPU
		{1D61ADBB-75DA-4A83-B3D2-967CF5DAC36D}.Debug|Any CPU.ActiveCfg = Debug|Any CPU
		{1D61ADBB-75DA-4A83-B3D2-967CF5DAC36D}.Debug|Any CPU.Build.0 = Debug|Any CPU
		{1D61ADBB-75DA-4A83-B3D2-967CF5DAC36D}.Release|Any CPU.ActiveCfg = Release|Any CPU
		{1D61ADBB-75DA-4A83-B3D2-967CF5DAC36D}.Release|Any CPU.Build.0 = Release|Any CPU
		{9F29331B-5EE5-4352-995E-21194818AC4D}.Debug|Any CPU.ActiveCfg = Debug|Any CPU
		{9F29331B-5EE5-4352-995E-21194818AC4D}.Debug|Any CPU.Build.0 = Debug|Any CPU
		{9F29331B-5EE5-4352-995E-21194818AC4D}.Release|Any CPU.ActiveCfg = Release|Any CPU
		{9F29331B-5EE5-4352-995E-21194818AC4D}.Release|Any CPU.Build.0 = Release|Any CPU
		{E8B6FE17-010F-465E-8E9A-1AF725EE1E01}.Debug|Any CPU.ActiveCfg = Debug|Any CPU
		{E8B6FE17-010F-465E-8E9A-1AF725EE1E01}.Debug|Any CPU.Build.0 = Debug|Any CPU
		{E8B6FE17-010F-465E-8E9A-1AF725EE1E01}.Release|Any CPU.ActiveCfg = Release|Any CPU
		{E8B6FE17-010F-465E-8E9A-1AF725EE1E01}.Release|Any CPU.Build.0 = Release|Any CPU
		{716DDA88-491A-4F19-95DD-3E8C9D390289}.Debug|Any CPU.ActiveCfg = Debug|Any CPU
		{716DDA88-491A-4F19-95DD-3E8C9D390289}.Debug|Any CPU.Build.0 = Debug|Any CPU
		{716DDA88-491A-4F19-95DD-3E8C9D390289}.Release|Any CPU.ActiveCfg = Release|Any CPU
		{716DDA88-491A-4F19-95DD-3E8C9D390289}.Release|Any CPU.Build.0 = Release|Any CPU
		{012E4FCE-6772-4A15-985D-4054B89C064C}.Debug|Any CPU.ActiveCfg = Debug|Any CPU
		{012E4FCE-6772-4A15-985D-4054B89C064C}.Debug|Any CPU.Build.0 = Debug|Any CPU
		{012E4FCE-6772-4A15-985D-4054B89C064C}.Release|Any CPU.ActiveCfg = Release|Any CPU
		{012E4FCE-6772-4A15-985D-4054B89C064C}.Release|Any CPU.Build.0 = Release|Any CPU
		{C3FD4975-F6F2-4F4A-B7F0-18D024759E16}.Debug|Any CPU.ActiveCfg = Debug|Any CPU
		{C3FD4975-F6F2-4F4A-B7F0-18D024759E16}.Debug|Any CPU.Build.0 = Debug|Any CPU
		{C3FD4975-F6F2-4F4A-B7F0-18D024759E16}.Release|Any CPU.ActiveCfg = Release|Any CPU
		{C3FD4975-F6F2-4F4A-B7F0-18D024759E16}.Release|Any CPU.Build.0 = Release|Any CPU
		{B0FB758C-8A66-4DB8-9759-08905289D828}.Debug|Any CPU.ActiveCfg = Debug|Any CPU
		{B0FB758C-8A66-4DB8-9759-08905289D828}.Debug|Any CPU.Build.0 = Debug|Any CPU
		{B0FB758C-8A66-4DB8-9759-08905289D828}.Release|Any CPU.ActiveCfg = Release|Any CPU
		{B0FB758C-8A66-4DB8-9759-08905289D828}.Release|Any CPU.Build.0 = Release|Any CPU
		{2D4DCB54-4E8A-4788-9444-2B986E686530}.Debug|Any CPU.ActiveCfg = Debug|Any CPU
		{2D4DCB54-4E8A-4788-9444-2B986E686530}.Debug|Any CPU.Build.0 = Debug|Any CPU
		{2D4DCB54-4E8A-4788-9444-2B986E686530}.Release|Any CPU.ActiveCfg = Release|Any CPU
		{2D4DCB54-4E8A-4788-9444-2B986E686530}.Release|Any CPU.Build.0 = Release|Any CPU
		{0CCFB786-9B21-45B6-8396-D568B85CC396}.Debug|Any CPU.ActiveCfg = Debug|Any CPU
		{0CCFB786-9B21-45B6-8396-D568B85CC396}.Debug|Any CPU.Build.0 = Debug|Any CPU
		{0CCFB786-9B21-45B6-8396-D568B85CC396}.Release|Any CPU.ActiveCfg = Release|Any CPU
		{0CCFB786-9B21-45B6-8396-D568B85CC396}.Release|Any CPU.Build.0 = Release|Any CPU
		{21CB3E82-1122-4548-A008-7AF51C824526}.Debug|Any CPU.ActiveCfg = Debug|Any CPU
		{21CB3E82-1122-4548-A008-7AF51C824526}.Debug|Any CPU.Build.0 = Debug|Any CPU
		{21CB3E82-1122-4548-A008-7AF51C824526}.Release|Any CPU.ActiveCfg = Release|Any CPU
		{21CB3E82-1122-4548-A008-7AF51C824526}.Release|Any CPU.Build.0 = Release|Any CPU
		{9B0E7185-BF50-4784-B755-D39D325E5097}.Debug|Any CPU.ActiveCfg = Debug|Any CPU
		{9B0E7185-BF50-4784-B755-D39D325E5097}.Debug|Any CPU.Build.0 = Debug|Any CPU
		{9B0E7185-BF50-4784-B755-D39D325E5097}.Release|Any CPU.ActiveCfg = Release|Any CPU
		{9B0E7185-BF50-4784-B755-D39D325E5097}.Release|Any CPU.Build.0 = Release|Any CPU
		{C9F403E5-5A2A-4DE7-AB66-D328BDAC98EC}.Debug|Any CPU.ActiveCfg = Debug|Any CPU
		{C9F403E5-5A2A-4DE7-AB66-D328BDAC98EC}.Debug|Any CPU.Build.0 = Debug|Any CPU
		{C9F403E5-5A2A-4DE7-AB66-D328BDAC98EC}.Release|Any CPU.ActiveCfg = Release|Any CPU
		{C9F403E5-5A2A-4DE7-AB66-D328BDAC98EC}.Release|Any CPU.Build.0 = Release|Any CPU
		{2EFC23AB-903A-413F-BA4F-F479E0B44BB0}.Debug|Any CPU.ActiveCfg = Debug|Any CPU
		{2EFC23AB-903A-413F-BA4F-F479E0B44BB0}.Debug|Any CPU.Build.0 = Debug|Any CPU
		{2EFC23AB-903A-413F-BA4F-F479E0B44BB0}.Release|Any CPU.ActiveCfg = Release|Any CPU
		{2EFC23AB-903A-413F-BA4F-F479E0B44BB0}.Release|Any CPU.Build.0 = Release|Any CPU
		{9CE11856-4FA2-4C9B-8C23-D4913E35C761}.Debug|Any CPU.ActiveCfg = Debug|Any CPU
		{9CE11856-4FA2-4C9B-8C23-D4913E35C761}.Debug|Any CPU.Build.0 = Debug|Any CPU
		{9CE11856-4FA2-4C9B-8C23-D4913E35C761}.Release|Any CPU.ActiveCfg = Release|Any CPU
		{9CE11856-4FA2-4C9B-8C23-D4913E35C761}.Release|Any CPU.Build.0 = Release|Any CPU
		{796D53CC-E0C4-4BB0-B49D-9C90F50CF6ED}.Debug|Any CPU.ActiveCfg = Debug|Any CPU
		{796D53CC-E0C4-4BB0-B49D-9C90F50CF6ED}.Debug|Any CPU.Build.0 = Debug|Any CPU
		{796D53CC-E0C4-4BB0-B49D-9C90F50CF6ED}.Release|Any CPU.ActiveCfg = Release|Any CPU
		{796D53CC-E0C4-4BB0-B49D-9C90F50CF6ED}.Release|Any CPU.Build.0 = Release|Any CPU
		{814290BE-3340-44AD-8376-BC636378776E}.Debug|Any CPU.ActiveCfg = Debug|Any CPU
		{814290BE-3340-44AD-8376-BC636378776E}.Debug|Any CPU.Build.0 = Debug|Any CPU
		{814290BE-3340-44AD-8376-BC636378776E}.Release|Any CPU.ActiveCfg = Release|Any CPU
		{814290BE-3340-44AD-8376-BC636378776E}.Release|Any CPU.Build.0 = Release|Any CPU
		{52DFC553-6E8D-4A92-8484-E0F06DE9C7C7}.Debug|Any CPU.ActiveCfg = Debug|Any CPU
		{52DFC553-6E8D-4A92-8484-E0F06DE9C7C7}.Debug|Any CPU.Build.0 = Debug|Any CPU
		{52DFC553-6E8D-4A92-8484-E0F06DE9C7C7}.Release|Any CPU.ActiveCfg = Release|Any CPU
		{52DFC553-6E8D-4A92-8484-E0F06DE9C7C7}.Release|Any CPU.Build.0 = Release|Any CPU
		{89998F97-065C-4881-88E0-E60366642B52}.Debug|Any CPU.ActiveCfg = Debug|Any CPU
		{89998F97-065C-4881-88E0-E60366642B52}.Debug|Any CPU.Build.0 = Debug|Any CPU
		{89998F97-065C-4881-88E0-E60366642B52}.Release|Any CPU.ActiveCfg = Release|Any CPU
		{89998F97-065C-4881-88E0-E60366642B52}.Release|Any CPU.Build.0 = Release|Any CPU
		{EE83D9C6-E32A-4D23-8B7D-0F71FBA00710}.Debug|Any CPU.ActiveCfg = Debug|Any CPU
		{EE83D9C6-E32A-4D23-8B7D-0F71FBA00710}.Debug|Any CPU.Build.0 = Debug|Any CPU
		{EE83D9C6-E32A-4D23-8B7D-0F71FBA00710}.Release|Any CPU.ActiveCfg = Release|Any CPU
		{EE83D9C6-E32A-4D23-8B7D-0F71FBA00710}.Release|Any CPU.Build.0 = Release|Any CPU
		{A36FC72F-518C-47F2-B792-2A6D6BEA1C17}.Debug|Any CPU.ActiveCfg = Debug|Any CPU
		{A36FC72F-518C-47F2-B792-2A6D6BEA1C17}.Debug|Any CPU.Build.0 = Debug|Any CPU
		{A36FC72F-518C-47F2-B792-2A6D6BEA1C17}.Release|Any CPU.ActiveCfg = Release|Any CPU
		{A36FC72F-518C-47F2-B792-2A6D6BEA1C17}.Release|Any CPU.Build.0 = Release|Any CPU
		{2E492705-68E8-4FC1-B43E-D7A964873147}.Debug|Any CPU.ActiveCfg = Debug|Any CPU
		{2E492705-68E8-4FC1-B43E-D7A964873147}.Debug|Any CPU.Build.0 = Debug|Any CPU
		{2E492705-68E8-4FC1-B43E-D7A964873147}.Release|Any CPU.ActiveCfg = Release|Any CPU
		{2E492705-68E8-4FC1-B43E-D7A964873147}.Release|Any CPU.Build.0 = Release|Any CPU
		{C8928510-01E9-4C1C-9F49-39F8C0005051}.Debug|Any CPU.ActiveCfg = Debug|Any CPU
		{C8928510-01E9-4C1C-9F49-39F8C0005051}.Debug|Any CPU.Build.0 = Debug|Any CPU
		{C8928510-01E9-4C1C-9F49-39F8C0005051}.Release|Any CPU.ActiveCfg = Release|Any CPU
		{C8928510-01E9-4C1C-9F49-39F8C0005051}.Release|Any CPU.Build.0 = Release|Any CPU
		{42F1DD5F-0EF6-4E71-943E-33D203C713DE}.Debug|Any CPU.ActiveCfg = Debug|Any CPU
		{42F1DD5F-0EF6-4E71-943E-33D203C713DE}.Debug|Any CPU.Build.0 = Debug|Any CPU
		{42F1DD5F-0EF6-4E71-943E-33D203C713DE}.Release|Any CPU.ActiveCfg = Release|Any CPU
		{42F1DD5F-0EF6-4E71-943E-33D203C713DE}.Release|Any CPU.Build.0 = Release|Any CPU
		{60E4C8E3-1635-4224-8E76-5C7BC0C7ADFF}.Debug|Any CPU.ActiveCfg = Debug|Any CPU
		{60E4C8E3-1635-4224-8E76-5C7BC0C7ADFF}.Debug|Any CPU.Build.0 = Debug|Any CPU
		{60E4C8E3-1635-4224-8E76-5C7BC0C7ADFF}.Release|Any CPU.ActiveCfg = Release|Any CPU
		{60E4C8E3-1635-4224-8E76-5C7BC0C7ADFF}.Release|Any CPU.Build.0 = Release|Any CPU
		{7744BC6B-C26B-4665-A639-9812B8D98CDC}.Debug|Any CPU.ActiveCfg = Debug|Any CPU
		{7744BC6B-C26B-4665-A639-9812B8D98CDC}.Debug|Any CPU.Build.0 = Debug|Any CPU
		{7744BC6B-C26B-4665-A639-9812B8D98CDC}.Release|Any CPU.ActiveCfg = Release|Any CPU
		{7744BC6B-C26B-4665-A639-9812B8D98CDC}.Release|Any CPU.Build.0 = Release|Any CPU
		{1EC5BD30-8B7C-49B5-AE0B-5774646BA6E6}.Debug|Any CPU.ActiveCfg = Debug|Any CPU
		{1EC5BD30-8B7C-49B5-AE0B-5774646BA6E6}.Debug|Any CPU.Build.0 = Debug|Any CPU
		{1EC5BD30-8B7C-49B5-AE0B-5774646BA6E6}.Release|Any CPU.ActiveCfg = Release|Any CPU
		{1EC5BD30-8B7C-49B5-AE0B-5774646BA6E6}.Release|Any CPU.Build.0 = Release|Any CPU
		{1ACDB12A-D377-4375-AD69-517A2BB261EA}.Debug|Any CPU.ActiveCfg = Debug|Any CPU
		{1ACDB12A-D377-4375-AD69-517A2BB261EA}.Debug|Any CPU.Build.0 = Debug|Any CPU
		{1ACDB12A-D377-4375-AD69-517A2BB261EA}.Release|Any CPU.ActiveCfg = Release|Any CPU
		{1ACDB12A-D377-4375-AD69-517A2BB261EA}.Release|Any CPU.Build.0 = Release|Any CPU
	EndGlobalSection
	GlobalSection(SolutionProperties) = preSolution
		HideSolutionNode = FALSE
	EndGlobalSection
	GlobalSection(NestedProjects) = preSolution
		{6460D3F0-76A3-4989-B2B6-B08858F8BD15} = {32089C32-94DC-4F8F-BC59-952C2BB5EFFC}
		{3281E108-1EC8-44F6-A3F7-5F0DCED3B4AF} = {605436C1-2560-47BA-99D4-7A80B628230F}
		{708461A4-B68B-4F90-B18E-79371E4F9AF0} = {E489AB62-2255-406A-B44D-E57E746074FC}
		{307383B8-6ED1-4CD4-9020-E0CC64515676} = {E489AB62-2255-406A-B44D-E57E746074FC}
		{DDA58EA8-8C69-450E-BDF5-8C187D442AA6} = {E489AB62-2255-406A-B44D-E57E746074FC}
		{1D61ADBB-75DA-4A83-B3D2-967CF5DAC36D} = {E489AB62-2255-406A-B44D-E57E746074FC}
		{9F29331B-5EE5-4352-995E-21194818AC4D} = {605436C1-2560-47BA-99D4-7A80B628230F}
		{E8B6FE17-010F-465E-8E9A-1AF725EE1E01} = {C5D5CB75-27A8-477A-87D7-A69ED0C5E093}
		{716DDA88-491A-4F19-95DD-3E8C9D390289} = {C5D5CB75-27A8-477A-87D7-A69ED0C5E093}
		{012E4FCE-6772-4A15-985D-4054B89C064C} = {C5D5CB75-27A8-477A-87D7-A69ED0C5E093}
		{C3FD4975-F6F2-4F4A-B7F0-18D024759E16} = {32089C32-94DC-4F8F-BC59-952C2BB5EFFC}
		{B0FB758C-8A66-4DB8-9759-08905289D828} = {605436C1-2560-47BA-99D4-7A80B628230F}
		{2D4DCB54-4E8A-4788-9444-2B986E686530} = {EC28FBCE-00AD-49CA-A766-B39C40856820}
		{0CCFB786-9B21-45B6-8396-D568B85CC396} = {EC28FBCE-00AD-49CA-A766-B39C40856820}
		{21CB3E82-1122-4548-A008-7AF51C824526} = {EC28FBCE-00AD-49CA-A766-B39C40856820}
		{EC28FBCE-00AD-49CA-A766-B39C40856820} = {605436C1-2560-47BA-99D4-7A80B628230F}
		{E489AB62-2255-406A-B44D-E57E746074FC} = {605436C1-2560-47BA-99D4-7A80B628230F}
		{C5D5CB75-27A8-477A-87D7-A69ED0C5E093} = {605436C1-2560-47BA-99D4-7A80B628230F}
		{9B0CA588-CC03-4B95-A204-4DCC71B1DB1F} = {605436C1-2560-47BA-99D4-7A80B628230F}
		{9B0E7185-BF50-4784-B755-D39D325E5097} = {9B0CA588-CC03-4B95-A204-4DCC71B1DB1F}
		{C9F403E5-5A2A-4DE7-AB66-D328BDAC98EC} = {9B0CA588-CC03-4B95-A204-4DCC71B1DB1F}
		{2EFC23AB-903A-413F-BA4F-F479E0B44BB0} = {E489AB62-2255-406A-B44D-E57E746074FC}
		{9CE11856-4FA2-4C9B-8C23-D4913E35C761} = {DB5A8331-2B57-4F2B-8F7D-02E167BCD8BB}
		{518B90D3-B430-464C-9BE1-4FC83365B94B} = {605436C1-2560-47BA-99D4-7A80B628230F}
		{796D53CC-E0C4-4BB0-B49D-9C90F50CF6ED} = {518B90D3-B430-464C-9BE1-4FC83365B94B}
		{814290BE-3340-44AD-8376-BC636378776E} = {518B90D3-B430-464C-9BE1-4FC83365B94B}
		{52DFC553-6E8D-4A92-8484-E0F06DE9C7C7} = {518B90D3-B430-464C-9BE1-4FC83365B94B}
		{89998F97-065C-4881-88E0-E60366642B52} = {DB5A8331-2B57-4F2B-8F7D-02E167BCD8BB}
		{EE83D9C6-E32A-4D23-8B7D-0F71FBA00710} = {605436C1-2560-47BA-99D4-7A80B628230F}
		{A36FC72F-518C-47F2-B792-2A6D6BEA1C17} = {DB5A8331-2B57-4F2B-8F7D-02E167BCD8BB}
		{2E492705-68E8-4FC1-B43E-D7A964873147} = {EC28FBCE-00AD-49CA-A766-B39C40856820}
		{C8928510-01E9-4C1C-9F49-39F8C0005051} = {DB5A8331-2B57-4F2B-8F7D-02E167BCD8BB}
		{42F1DD5F-0EF6-4E71-943E-33D203C713DE} = {EC28FBCE-00AD-49CA-A766-B39C40856820}
		{60E4C8E3-1635-4224-8E76-5C7BC0C7ADFF} = {C5D5CB75-27A8-477A-87D7-A69ED0C5E093}
		{7744BC6B-C26B-4665-A639-9812B8D98CDC} = {EC28FBCE-00AD-49CA-A766-B39C40856820}
		{1EC5BD30-8B7C-49B5-AE0B-5774646BA6E6} = {EC28FBCE-00AD-49CA-A766-B39C40856820}
		{1ACDB12A-D377-4375-AD69-517A2BB261EA} = {DB5A8331-2B57-4F2B-8F7D-02E167BCD8BB}
	EndGlobalSection
	GlobalSection(ExtensibilityGlobals) = postSolution
		SolutionGuid = {D46201E5-1E3C-47A0-8584-4ACCC135CF9A}
	EndGlobalSection
EndGlobal
